// !$*UTF8*$!
{
	archiveVersion = 1;
	classes = {
	};
	objectVersion = 50;
	objects = {

/* Begin PBXBuildFile section */
		ACCA027F23A2012D005EC535 /* AppDelegate.swift in Sources */ = {isa = PBXBuildFile; fileRef = ACCA027E23A2012D005EC535 /* AppDelegate.swift */; };
		ACCA028123A2012D005EC535 /* SceneDelegate.swift in Sources */ = {isa = PBXBuildFile; fileRef = ACCA028023A2012D005EC535 /* SceneDelegate.swift */; };
		ACCA028323A2012D005EC535 /* ViewController.swift in Sources */ = {isa = PBXBuildFile; fileRef = ACCA028223A2012D005EC535 /* ViewController.swift */; };
		ACCA028623A2012D005EC535 /* Main.storyboard in Resources */ = {isa = PBXBuildFile; fileRef = ACCA028423A2012D005EC535 /* Main.storyboard */; };
		ACCA028823A2012E005EC535 /* Assets.xcassets in Resources */ = {isa = PBXBuildFile; fileRef = ACCA028723A2012E005EC535 /* Assets.xcassets */; };
		ACCA028B23A2012E005EC535 /* LaunchScreen.storyboard in Resources */ = {isa = PBXBuildFile; fileRef = ACCA028923A2012E005EC535 /* LaunchScreen.storyboard */; };
/* End PBXBuildFile section */

/* Begin PBXFileReference section */
		ACCA027B23A2012D005EC535 /* [6-4]191212_AutoLayoutExample.app */ = {isa = PBXFileReference; explicitFileType = wrapper.application; includeInIndex = 0; path = "[6-4]191212_AutoLayoutExample.app"; sourceTree = BUILT_PRODUCTS_DIR; };
		ACCA027E23A2012D005EC535 /* AppDelegate.swift */ = {isa = PBXFileReference; lastKnownFileType = sourcecode.swift; path = AppDelegate.swift; sourceTree = "<group>"; };
		ACCA028023A2012D005EC535 /* SceneDelegate.swift */ = {isa = PBXFileReference; lastKnownFileType = sourcecode.swift; path = SceneDelegate.swift; sourceTree = "<group>"; };
		ACCA028223A2012D005EC535 /* ViewController.swift */ = {isa = PBXFileReference; lastKnownFileType = sourcecode.swift; path = ViewController.swift; sourceTree = "<group>"; };
		ACCA028523A2012D005EC535 /* Base */ = {isa = PBXFileReference; lastKnownFileType = file.storyboard; name = Base; path = Base.lproj/Main.storyboard; sourceTree = "<group>"; };
		ACCA028723A2012E005EC535 /* Assets.xcassets */ = {isa = PBXFileReference; lastKnownFileType = folder.assetcatalog; path = Assets.xcassets; sourceTree = "<group>"; };
		ACCA028A23A2012E005EC535 /* Base */ = {isa = PBXFileReference; lastKnownFileType = file.storyboard; name = Base; path = Base.lproj/LaunchScreen.storyboard; sourceTree = "<group>"; };
		ACCA028C23A2012E005EC535 /* Info.plist */ = {isa = PBXFileReference; lastKnownFileType = text.plist.xml; path = Info.plist; sourceTree = "<group>"; };
/* End PBXFileReference section */

/* Begin PBXFrameworksBuildPhase section */
		ACCA027823A2012D005EC535 /* Frameworks */ = {
			isa = PBXFrameworksBuildPhase;
			buildActionMask = 2147483647;
			files = (
			);
			runOnlyForDeploymentPostprocessing = 0;
		};
/* End PBXFrameworksBuildPhase section */

/* Begin PBXGroup section */
		ACCA027223A2012D005EC535 = {
			isa = PBXGroup;
			children = (
				ACCA027D23A2012D005EC535 /* [6-4]191212_AutoLayoutExample */,
				ACCA027C23A2012D005EC535 /* Products */,
			);
			sourceTree = "<group>";
		};
		ACCA027C23A2012D005EC535 /* Products */ = {
			isa = PBXGroup;
			children = (
				ACCA027B23A2012D005EC535 /* [6-4]191212_AutoLayoutExample.app */,
			);
			name = Products;
			sourceTree = "<group>";
		};
		ACCA027D23A2012D005EC535 /* [6-4]191212_AutoLayoutExample */ = {
			isa = PBXGroup;
			children = (
				ACCA027E23A2012D005EC535 /* AppDelegate.swift */,
				ACCA028023A2012D005EC535 /* SceneDelegate.swift */,
				ACCA028223A2012D005EC535 /* ViewController.swift */,
				ACCA028423A2012D005EC535 /* Main.storyboard */,
				ACCA028723A2012E005EC535 /* Assets.xcassets */,
				ACCA028923A2012E005EC535 /* LaunchScreen.storyboard */,
				ACCA028C23A2012E005EC535 /* Info.plist */,
			);
			path = "[6-4]191212_AutoLayoutExample";
			sourceTree = "<group>";
		};
/* End PBXGroup section */

/* Begin PBXNativeTarget section */
		ACCA027A23A2012D005EC535 /* [6-4]191212_AutoLayoutExample */ = {
			isa = PBXNativeTarget;
			buildConfigurationList = ACCA028F23A2012E005EC535 /* Build configuration list for PBXNativeTarget "[6-4]191212_AutoLayoutExample" */;
			buildPhases = (
				ACCA027723A2012D005EC535 /* Sources */,
				ACCA027823A2012D005EC535 /* Frameworks */,
				ACCA027923A2012D005EC535 /* Resources */,
			);
			buildRules = (
			);
			dependencies = (
			);
			name = "[6-4]191212_AutoLayoutExample";
			productName = "[6-4]191212_AutoLayoutExample";
			productReference = ACCA027B23A2012D005EC535 /* [6-4]191212_AutoLayoutExample.app */;
			productType = "com.apple.product-type.application";
		};
/* End PBXNativeTarget section */

/* Begin PBXProject section */
		ACCA027323A2012D005EC535 /* Project object */ = {
			isa = PBXProject;
			attributes = {
				LastSwiftUpdateCheck = 1120;
				LastUpgradeCheck = 1120;
				ORGANIZATIONNAME = cskim;
				TargetAttributes = {
					ACCA027A23A2012D005EC535 = {
						CreatedOnToolsVersion = 11.2;
					};
				};
			};
			buildConfigurationList = ACCA027623A2012D005EC535 /* Build configuration list for PBXProject "[6-4]191212_AutoLayoutExample" */;
			compatibilityVersion = "Xcode 9.3";
			developmentRegion = en;
			hasScannedForEncodings = 0;
			knownRegions = (
				en,
				Base,
			);
			mainGroup = ACCA027223A2012D005EC535;
			productRefGroup = ACCA027C23A2012D005EC535 /* Products */;
			projectDirPath = "";
			projectRoot = "";
			targets = (
				ACCA027A23A2012D005EC535 /* [6-4]191212_AutoLayoutExample */,
			);
		};
/* End PBXProject section */

/* Begin PBXResourcesBuildPhase section */
		ACCA027923A2012D005EC535 /* Resources */ = {
			isa = PBXResourcesBuildPhase;
			buildActionMask = 2147483647;
			files = (
				ACCA028B23A2012E005EC535 /* LaunchScreen.storyboard in Resources */,
				ACCA028823A2012E005EC535 /* Assets.xcassets in Resources */,
				ACCA028623A2012D005EC535 /* Main.storyboard in Resources */,
			);
			runOnlyForDeploymentPostprocessing = 0;
		};
/* End PBXResourcesBuildPhase section */

/* Begin PBXSourcesBuildPhase section */
		ACCA027723A2012D005EC535 /* Sources */ = {
			isa = PBXSourcesBuildPhase;
			buildActionMask = 2147483647;
			files = (
				ACCA028323A2012D005EC535 /* ViewController.swift in Sources */,
				ACCA027F23A2012D005EC535 /* AppDelegate.swift in Sources */,
				ACCA028123A2012D005EC535 /* SceneDelegate.swift in Sources */,
			);
			runOnlyForDeploymentPostprocessing = 0;
		};
/* End PBXSourcesBuildPhase section */

/* Begin PBXVariantGroup section */
		ACCA028423A2012D005EC535 /* Main.storyboard */ = {
			isa = PBXVariantGroup;
			children = (
				ACCA028523A2012D005EC535 /* Base */,
			);
			name = Main.storyboard;
			sourceTree = "<group>";
		};
		ACCA028923A2012E005EC535 /* LaunchScreen.storyboard */ = {
			isa = PBXVariantGroup;
			children = (
				ACCA028A23A2012E005EC535 /* Base */,
			);
			name = LaunchScreen.storyboard;
			sourceTree = "<group>";
		};
/* End PBXVariantGroup section */

/* Begin XCBuildConfiguration section */
		ACCA028D23A2012E005EC535 /* Debug */ = {
			isa = XCBuildConfiguration;
			buildSettings = {
				ALWAYS_SEARCH_USER_PATHS = NO;
				CLANG_ANALYZER_NONNULL = YES;
				CLANG_ANALYZER_NUMBER_OBJECT_CONVERSION = YES_AGGRESSIVE;
				CLANG_CXX_LANGUAGE_STANDARD = "gnu++14";
				CLANG_CXX_LIBRARY = "libc++";
				CLANG_ENABLE_MODULES = YES;
				CLANG_ENABLE_OBJC_ARC = YES;
				CLANG_ENABLE_OBJC_WEAK = YES;
				CLANG_WARN_BLOCK_CAPTURE_AUTORELEASING = YES;
				CLANG_WARN_BOOL_CONVERSION = YES;
				CLANG_WARN_COMMA = YES;
				CLANG_WARN_CONSTANT_CONVERSION = YES;
				CLANG_WARN_DEPRECATED_OBJC_IMPLEMENTATIONS = YES;
				CLANG_WARN_DIRECT_OBJC_ISA_USAGE = YES_ERROR;
				CLANG_WARN_DOCUMENTATION_COMMENTS = YES;
				CLANG_WARN_EMPTY_BODY = YES;
				CLANG_WARN_ENUM_CONVERSION = YES;
				CLANG_WARN_INFINITE_RECURSION = YES;
				CLANG_WARN_INT_CONVERSION = YES;
				CLANG_WARN_NON_LITERAL_NULL_CONVERSION = YES;
				CLANG_WARN_OBJC_IMPLICIT_RETAIN_SELF = YES;
				CLANG_WARN_OBJC_LITERAL_CONVERSION = YES;
				CLANG_WARN_OBJC_ROOT_CLASS = YES_ERROR;
				CLANG_WARN_RANGE_LOOP_ANALYSIS = YES;
				CLANG_WARN_STRICT_PROTOTYPES = YES;
				CLANG_WARN_SUSPICIOUS_MOVE = YES;
				CLANG_WARN_UNGUARDED_AVAILABILITY = YES_AGGRESSIVE;
				CLANG_WARN_UNREACHABLE_CODE = YES;
				CLANG_WARN__DUPLICATE_METHOD_MATCH = YES;
				COPY_PHASE_STRIP = NO;
				DEBUG_INFORMATION_FORMAT = dwarf;
				ENABLE_STRICT_OBJC_MSGSEND = YES;
				ENABLE_TESTABILITY = YES;
				GCC_C_LANGUAGE_STANDARD = gnu11;
				GCC_DYNAMIC_NO_PIC = NO;
				GCC_NO_COMMON_BLOCKS = YES;
				GCC_OPTIMIZATION_LEVEL = 0;
				GCC_PREPROCESSOR_DEFINITIONS = (
					"DEBUG=1",
					"$(inherited)",
				);
				GCC_WARN_64_TO_32_BIT_CONVERSION = YES;
				GCC_WARN_ABOUT_RETURN_TYPE = YES_ERROR;
				GCC_WARN_UNDECLARED_SELECTOR = YES;
				GCC_WARN_UNINITIALIZED_AUTOS = YES_AGGRESSIVE;
				GCC_WARN_UNUSED_FUNCTION = YES;
				GCC_WARN_UNUSED_VARIABLE = YES;
				IPHONEOS_DEPLOYMENT_TARGET = 13.2;
				MTL_ENABLE_DEBUG_INFO = INCLUDE_SOURCE;
				MTL_FAST_MATH = YES;
				ONLY_ACTIVE_ARCH = YES;
				SDKROOT = iphoneos;
				SWIFT_ACTIVE_COMPILATION_CONDITIONS = DEBUG;
				SWIFT_OPTIMIZATION_LEVEL = "-Onone";
			};
			name = Debug;
		};
		ACCA028E23A2012E005EC535 /* Release */ = {
			isa = XCBuildConfiguration;
			buildSettings = {
				ALWAYS_SEARCH_USER_PATHS = NO;
				CLANG_ANALYZER_NONNULL = YES;
				CLANG_ANALYZER_NUMBER_OBJECT_CONVERSION = YES_AGGRESSIVE;
				CLANG_CXX_LANGUAGE_STANDARD = "gnu++14";
				CLANG_CXX_LIBRARY = "libc++";
				CLANG_ENABLE_MODULES = YES;
				CLANG_ENABLE_OBJC_ARC = YES;
				CLANG_ENABLE_OBJC_WEAK = YES;
				CLANG_WARN_BLOCK_CAPTURE_AUTORELEASING = YES;
				CLANG_WARN_BOOL_CONVERSION = YES;
				CLANG_WARN_COMMA = YES;
				CLANG_WARN_CONSTANT_CONVERSION = YES;
				CLANG_WARN_DEPRECATED_OBJC_IMPLEMENTATIONS = YES;
				CLANG_WARN_DIRECT_OBJC_ISA_USAGE = YES_ERROR;
				CLANG_WARN_DOCUMENTATION_COMMENTS = YES;
				CLANG_WARN_EMPTY_BODY = YES;
				CLANG_WARN_ENUM_CONVERSION = YES;
				CLANG_WARN_INFINITE_RECURSION = YES;
				CLANG_WARN_INT_CONVERSION = YES;
				CLANG_WARN_NON_LITERAL_NULL_CONVERSION = YES;
				CLANG_WARN_OBJC_IMPLICIT_RETAIN_SELF = YES;
				CLANG_WARN_OBJC_LITERAL_CONVERSION = YES;
				CLANG_WARN_OBJC_ROOT_CLASS = YES_ERROR;
				CLANG_WARN_RANGE_LOOP_ANALYSIS = YES;
				CLANG_WARN_STRICT_PROTOTYPES = YES;
				CLANG_WARN_SUSPICIOUS_MOVE = YES;
				CLANG_WARN_UNGUARDED_AVAILABILITY = YES_AGGRESSIVE;
				CLANG_WARN_UNREACHABLE_CODE = YES;
				CLANG_WARN__DUPLICATE_METHOD_MATCH = YES;
				COPY_PHASE_STRIP = NO;
				DEBUG_INFORMATION_FORMAT = "dwarf-with-dsym";
				ENABLE_NS_ASSERTIONS = NO;
				ENABLE_STRICT_OBJC_MSGSEND = YES;
				GCC_C_LANGUAGE_STANDARD = gnu11;
				GCC_NO_COMMON_BLOCKS = YES;
				GCC_WARN_64_TO_32_BIT_CONVERSION = YES;
				GCC_WARN_ABOUT_RETURN_TYPE = YES_ERROR;
				GCC_WARN_UNDECLARED_SELECTOR = YES;
				GCC_WARN_UNINITIALIZED_AUTOS = YES_AGGRESSIVE;
				GCC_WARN_UNUSED_FUNCTION = YES;
				GCC_WARN_UNUSED_VARIABLE = YES;
				IPHONEOS_DEPLOYMENT_TARGET = 13.2;
				MTL_ENABLE_DEBUG_INFO = NO;
				MTL_FAST_MATH = YES;
				SDKROOT = iphoneos;
				SWIFT_COMPILATION_MODE = wholemodule;
				SWIFT_OPTIMIZATION_LEVEL = "-O";
				VALIDATE_PRODUCT = YES;
			};
			name = Release;
		};
		ACCA029023A2012E005EC535 /* Debug */ = {
			isa = XCBuildConfiguration;
			buildSettings = {
				ASSETCATALOG_COMPILER_APPICON_NAME = AppIcon;
				CODE_SIGN_STYLE = Automatic;
				INFOPLIST_FILE = "[6-4]191212_AutoLayoutExample/Info.plist";
				LD_RUNPATH_SEARCH_PATHS = (
					"$(inherited)",
					"@executable_path/Frameworks",
				);
				PRODUCT_BUNDLE_IDENTIFIER = "com.cskim.-6-4-191212-AutoLayoutExample";
				PRODUCT_NAME = "$(TARGET_NAME)";
				SWIFT_VERSION = 5.0;
				TARGETED_DEVICE_FAMILY = "1,2";
			};
			name = Debug;
		};
		ACCA029123A2012E005EC535 /* Release */ = {
			isa = XCBuildConfiguration;
			buildSettings = {
				ASSETCATALOG_COMPILER_APPICON_NAME = AppIcon;
				CODE_SIGN_STYLE = Automatic;
				INFOPLIST_FILE = "[6-4]191212_AutoLayoutExample/Info.plist";
				LD_RUNPATH_SEARCH_PATHS = (
					"$(inherited)",
					"@executable_path/Frameworks",
				);
				PRODUCT_BUNDLE_IDENTIFIER = "com.cskim.-6-4-191212-AutoLayoutExample";
				PRODUCT_NAME = "$(TARGET_NAME)";
				SWIFT_VERSION = 5.0;
				TARGETED_DEVICE_FAMILY = "1,2";
			};
			name = Release;
		};
/* End XCBuildConfiguration section */

/* Begin XCConfigurationList section */
		ACCA027623A2012D005EC535 /* Build configuration list for PBXProject "[6-4]191212_AutoLayoutExample" */ = {
			isa = XCConfigurationList;
			buildConfigurations = (
				ACCA028D23A2012E005EC535 /* Debug */,
				ACCA028E23A2012E005EC535 /* Release */,
			);
			defaultConfigurationIsVisible = 0;
			defaultConfigurationName = Release;
		};
		ACCA028F23A2012E005EC535 /* Build configuration list for PBXNativeTarget "[6-4]191212_AutoLayoutExample" */ = {
			isa = XCConfigurationList;
			buildConfigurations = (
				ACCA029023A2012E005EC535 /* Debug */,
				ACCA029123A2012E005EC535 /* Release */,
			);
			defaultConfigurationIsVisible = 0;
			defaultConfigurationName = Release;
		};
/* End XCConfigurationList section */
	};
	rootObject = ACCA027323A2012D005EC535 /* Project object */;
}
