// !$*UTF8*$!
{
	archiveVersion = 1;
	classes = {
	};
	objectVersion = 50;
	objects = {

/* Begin PBXBuildFile section */
		AC180EAF23A73D2800C90C39 /* AppDelegate.swift in Sources */ = {isa = PBXBuildFile; fileRef = AC180EAE23A73D2800C90C39 /* AppDelegate.swift */; };
		AC180EB123A73D2800C90C39 /* SceneDelegate.swift in Sources */ = {isa = PBXBuildFile; fileRef = AC180EB023A73D2800C90C39 /* SceneDelegate.swift */; };
		AC180EB323A73D2800C90C39 /* ViewController.swift in Sources */ = {isa = PBXBuildFile; fileRef = AC180EB223A73D2800C90C39 /* ViewController.swift */; };
		AC180EB623A73D2800C90C39 /* Main.storyboard in Resources */ = {isa = PBXBuildFile; fileRef = AC180EB423A73D2800C90C39 /* Main.storyboard */; };
		AC180EB823A73D2900C90C39 /* Assets.xcassets in Resources */ = {isa = PBXBuildFile; fileRef = AC180EB723A73D2900C90C39 /* Assets.xcassets */; };
		AC180EBB23A73D2900C90C39 /* LaunchScreen.storyboard in Resources */ = {isa = PBXBuildFile; fileRef = AC180EB923A73D2900C90C39 /* LaunchScreen.storyboard */; };
/* End PBXBuildFile section */

/* Begin PBXFileReference section */
		AC180EAB23A73D2800C90C39 /* [7-1]191216_IntrinsicContentSizeExample.app */ = {isa = PBXFileReference; explicitFileType = wrapper.application; includeInIndex = 0; path = "[7-1]191216_IntrinsicContentSizeExample.app"; sourceTree = BUILT_PRODUCTS_DIR; };
		AC180EAE23A73D2800C90C39 /* AppDelegate.swift */ = {isa = PBXFileReference; lastKnownFileType = sourcecode.swift; path = AppDelegate.swift; sourceTree = "<group>"; };
		AC180EB023A73D2800C90C39 /* SceneDelegate.swift */ = {isa = PBXFileReference; lastKnownFileType = sourcecode.swift; path = SceneDelegate.swift; sourceTree = "<group>"; };
		AC180EB223A73D2800C90C39 /* ViewController.swift */ = {isa = PBXFileReference; lastKnownFileType = sourcecode.swift; path = ViewController.swift; sourceTree = "<group>"; };
		AC180EB523A73D2800C90C39 /* Base */ = {isa = PBXFileReference; lastKnownFileType = file.storyboard; name = Base; path = Base.lproj/Main.storyboard; sourceTree = "<group>"; };
		AC180EB723A73D2900C90C39 /* Assets.xcassets */ = {isa = PBXFileReference; lastKnownFileType = folder.assetcatalog; path = Assets.xcassets; sourceTree = "<group>"; };
		AC180EBA23A73D2900C90C39 /* Base */ = {isa = PBXFileReference; lastKnownFileType = file.storyboard; name = Base; path = Base.lproj/LaunchScreen.storyboard; sourceTree = "<group>"; };
		AC180EBC23A73D2900C90C39 /* Info.plist */ = {isa = PBXFileReference; lastKnownFileType = text.plist.xml; path = Info.plist; sourceTree = "<group>"; };
/* End PBXFileReference section */

/* Begin PBXFrameworksBuildPhase section */
		AC180EA823A73D2800C90C39 /* Frameworks */ = {
			isa = PBXFrameworksBuildPhase;
			buildActionMask = 2147483647;
			files = (
			);
			runOnlyForDeploymentPostprocessing = 0;
		};
/* End PBXFrameworksBuildPhase section */

/* Begin PBXGroup section */
		AC180EA223A73D2800C90C39 = {
			isa = PBXGroup;
			children = (
				AC180EAD23A73D2800C90C39 /* [7-1]191216_IntrinsicContentSizeExample */,
				AC180EAC23A73D2800C90C39 /* Products */,
			);
			sourceTree = "<group>";
		};
		AC180EAC23A73D2800C90C39 /* Products */ = {
			isa = PBXGroup;
			children = (
				AC180EAB23A73D2800C90C39 /* [7-1]191216_IntrinsicContentSizeExample.app */,
			);
			name = Products;
			sourceTree = "<group>";
		};
		AC180EAD23A73D2800C90C39 /* [7-1]191216_IntrinsicContentSizeExample */ = {
			isa = PBXGroup;
			children = (
				AC180EAE23A73D2800C90C39 /* AppDelegate.swift */,
				AC180EB023A73D2800C90C39 /* SceneDelegate.swift */,
				AC180EB223A73D2800C90C39 /* ViewController.swift */,
				AC180EB423A73D2800C90C39 /* Main.storyboard */,
				AC180EB723A73D2900C90C39 /* Assets.xcassets */,
				AC180EB923A73D2900C90C39 /* LaunchScreen.storyboard */,
				AC180EBC23A73D2900C90C39 /* Info.plist */,
			);
			path = "[7-1]191216_IntrinsicContentSizeExample";
			sourceTree = "<group>";
		};
/* End PBXGroup section */

/* Begin PBXNativeTarget section */
		AC180EAA23A73D2800C90C39 /* [7-1]191216_IntrinsicContentSizeExample */ = {
			isa = PBXNativeTarget;
			buildConfigurationList = AC180EBF23A73D2900C90C39 /* Build configuration list for PBXNativeTarget "[7-1]191216_IntrinsicContentSizeExample" */;
			buildPhases = (
				AC180EA723A73D2800C90C39 /* Sources */,
				AC180EA823A73D2800C90C39 /* Frameworks */,
				AC180EA923A73D2800C90C39 /* Resources */,
			);
			buildRules = (
			);
			dependencies = (
			);
			name = "[7-1]191216_IntrinsicContentSizeExample";
			productName = "[7-1]191216_IntrinsicContentSizeExample";
			productReference = AC180EAB23A73D2800C90C39 /* [7-1]191216_IntrinsicContentSizeExample.app */;
			productType = "com.apple.product-type.application";
		};
/* End PBXNativeTarget section */

/* Begin PBXProject section */
		AC180EA323A73D2800C90C39 /* Project object */ = {
			isa = PBXProject;
			attributes = {
				LastSwiftUpdateCheck = 1130;
				LastUpgradeCheck = 1130;
				ORGANIZATIONNAME = cskim;
				TargetAttributes = {
					AC180EAA23A73D2800C90C39 = {
						CreatedOnToolsVersion = 11.3;
					};
				};
			};
			buildConfigurationList = AC180EA623A73D2800C90C39 /* Build configuration list for PBXProject "[7-1]191216_IntrinsicContentSizeExample" */;
			compatibilityVersion = "Xcode 9.3";
			developmentRegion = en;
			hasScannedForEncodings = 0;
			knownRegions = (
				en,
				Base,
			);
			mainGroup = AC180EA223A73D2800C90C39;
			productRefGroup = AC180EAC23A73D2800C90C39 /* Products */;
			projectDirPath = "";
			projectRoot = "";
			targets = (
				AC180EAA23A73D2800C90C39 /* [7-1]191216_IntrinsicContentSizeExample */,
			);
		};
/* End PBXProject section */

/* Begin PBXResourcesBuildPhase section */
		AC180EA923A73D2800C90C39 /* Resources */ = {
			isa = PBXResourcesBuildPhase;
			buildActionMask = 2147483647;
			files = (
				AC180EBB23A73D2900C90C39 /* LaunchScreen.storyboard in Resources */,
				AC180EB823A73D2900C90C39 /* Assets.xcassets in Resources */,
				AC180EB623A73D2800C90C39 /* Main.storyboard in Resources */,
			);
			runOnlyForDeploymentPostprocessing = 0;
		};
/* End PBXResourcesBuildPhase section */

/* Begin PBXSourcesBuildPhase section */
		AC180EA723A73D2800C90C39 /* Sources */ = {
			isa = PBXSourcesBuildPhase;
			buildActionMask = 2147483647;
			files = (
				AC180EB323A73D2800C90C39 /* ViewController.swift in Sources */,
				AC180EAF23A73D2800C90C39 /* AppDelegate.swift in Sources */,
				AC180EB123A73D2800C90C39 /* SceneDelegate.swift in Sources */,
			);
			runOnlyForDeploymentPostprocessing = 0;
		};
/* End PBXSourcesBuildPhase section */

/* Begin PBXVariantGroup section */
		AC180EB423A73D2800C90C39 /* Main.storyboard */ = {
			isa = PBXVariantGroup;
			children = (
				AC180EB523A73D2800C90C39 /* Base */,
			);
			name = Main.storyboard;
			sourceTree = "<group>";
		};
		AC180EB923A73D2900C90C39 /* LaunchScreen.storyboard */ = {
			isa = PBXVariantGroup;
			children = (
				AC180EBA23A73D2900C90C39 /* Base */,
			);
			name = LaunchScreen.storyboard;
			sourceTree = "<group>";
		};
/* End PBXVariantGroup section */

/* Begin XCBuildConfiguration section */
		AC180EBD23A73D2900C90C39 /* Debug */ = {
			isa = XCBuildConfiguration;
			buildSettings = {
				ALWAYS_SEARCH_USER_PATHS = NO;
				CLANG_ANALYZER_NONNULL = YES;
				CLANG_ANALYZER_NUMBER_OBJECT_CONVERSION = YES_AGGRESSIVE;
				CLANG_CXX_LANGUAGE_STANDARD = "gnu++14";
				CLANG_CXX_LIBRARY = "libc++";
				CLANG_ENABLE_MODULES = YES;
				CLANG_ENABLE_OBJC_ARC = YES;
				CLANG_ENABLE_OBJC_WEAK = YES;
				CLANG_WARN_BLOCK_CAPTURE_AUTORELEASING = YES;
				CLANG_WARN_BOOL_CONVERSION = YES;
				CLANG_WARN_COMMA = YES;
				CLANG_WARN_CONSTANT_CONVERSION = YES;
				CLANG_WARN_DEPRECATED_OBJC_IMPLEMENTATIONS = YES;
				CLANG_WARN_DIRECT_OBJC_ISA_USAGE = YES_ERROR;
				CLANG_WARN_DOCUMENTATION_COMMENTS = YES;
				CLANG_WARN_EMPTY_BODY = YES;
				CLANG_WARN_ENUM_CONVERSION = YES;
				CLANG_WARN_INFINITE_RECURSION = YES;
				CLANG_WARN_INT_CONVERSION = YES;
				CLANG_WARN_NON_LITERAL_NULL_CONVERSION = YES;
				CLANG_WARN_OBJC_IMPLICIT_RETAIN_SELF = YES;
				CLANG_WARN_OBJC_LITERAL_CONVERSION = YES;
				CLANG_WARN_OBJC_ROOT_CLASS = YES_ERROR;
				CLANG_WARN_RANGE_LOOP_ANALYSIS = YES;
				CLANG_WARN_STRICT_PROTOTYPES = YES;
				CLANG_WARN_SUSPICIOUS_MOVE = YES;
				CLANG_WARN_UNGUARDED_AVAILABILITY = YES_AGGRESSIVE;
				CLANG_WARN_UNREACHABLE_CODE = YES;
				CLANG_WARN__DUPLICATE_METHOD_MATCH = YES;
				COPY_PHASE_STRIP = NO;
				DEBUG_INFORMATION_FORMAT = dwarf;
				ENABLE_STRICT_OBJC_MSGSEND = YES;
				ENABLE_TESTABILITY = YES;
				GCC_C_LANGUAGE_STANDARD = gnu11;
				GCC_DYNAMIC_NO_PIC = NO;
				GCC_NO_COMMON_BLOCKS = YES;
				GCC_OPTIMIZATION_LEVEL = 0;
				GCC_PREPROCESSOR_DEFINITIONS = (
					"DEBUG=1",
					"$(inherited)",
				);
				GCC_WARN_64_TO_32_BIT_CONVERSION = YES;
				GCC_WARN_ABOUT_RETURN_TYPE = YES_ERROR;
				GCC_WARN_UNDECLARED_SELECTOR = YES;
				GCC_WARN_UNINITIALIZED_AUTOS = YES_AGGRESSIVE;
				GCC_WARN_UNUSED_FUNCTION = YES;
				GCC_WARN_UNUSED_VARIABLE = YES;
				IPHONEOS_DEPLOYMENT_TARGET = 13.2;
				MTL_ENABLE_DEBUG_INFO = INCLUDE_SOURCE;
				MTL_FAST_MATH = YES;
				ONLY_ACTIVE_ARCH = YES;
				SDKROOT = iphoneos;
				SWIFT_ACTIVE_COMPILATION_CONDITIONS = DEBUG;
				SWIFT_OPTIMIZATION_LEVEL = "-Onone";
			};
			name = Debug;
		};
		AC180EBE23A73D2900C90C39 /* Release */ = {
			isa = XCBuildConfiguration;
			buildSettings = {
				ALWAYS_SEARCH_USER_PATHS = NO;
				CLANG_ANALYZER_NONNULL = YES;
				CLANG_ANALYZER_NUMBER_OBJECT_CONVERSION = YES_AGGRESSIVE;
				CLANG_CXX_LANGUAGE_STANDARD = "gnu++14";
				CLANG_CXX_LIBRARY = "libc++";
				CLANG_ENABLE_MODULES = YES;
				CLANG_ENABLE_OBJC_ARC = YES;
				CLANG_ENABLE_OBJC_WEAK = YES;
				CLANG_WARN_BLOCK_CAPTURE_AUTORELEASING = YES;
				CLANG_WARN_BOOL_CONVERSION = YES;
				CLANG_WARN_COMMA = YES;
				CLANG_WARN_CONSTANT_CONVERSION = YES;
				CLANG_WARN_DEPRECATED_OBJC_IMPLEMENTATIONS = YES;
				CLANG_WARN_DIRECT_OBJC_ISA_USAGE = YES_ERROR;
				CLANG_WARN_DOCUMENTATION_COMMENTS = YES;
				CLANG_WARN_EMPTY_BODY = YES;
				CLANG_WARN_ENUM_CONVERSION = YES;
				CLANG_WARN_INFINITE_RECURSION = YES;
				CLANG_WARN_INT_CONVERSION = YES;
				CLANG_WARN_NON_LITERAL_NULL_CONVERSION = YES;
				CLANG_WARN_OBJC_IMPLICIT_RETAIN_SELF = YES;
				CLANG_WARN_OBJC_LITERAL_CONVERSION = YES;
				CLANG_WARN_OBJC_ROOT_CLASS = YES_ERROR;
				CLANG_WARN_RANGE_LOOP_ANALYSIS = YES;
				CLANG_WARN_STRICT_PROTOTYPES = YES;
				CLANG_WARN_SUSPICIOUS_MOVE = YES;
				CLANG_WARN_UNGUARDED_AVAILABILITY = YES_AGGRESSIVE;
				CLANG_WARN_UNREACHABLE_CODE = YES;
				CLANG_WARN__DUPLICATE_METHOD_MATCH = YES;
				COPY_PHASE_STRIP = NO;
				DEBUG_INFORMATION_FORMAT = "dwarf-with-dsym";
				ENABLE_NS_ASSERTIONS = NO;
				ENABLE_STRICT_OBJC_MSGSEND = YES;
				GCC_C_LANGUAGE_STANDARD = gnu11;
				GCC_NO_COMMON_BLOCKS = YES;
				GCC_WARN_64_TO_32_BIT_CONVERSION = YES;
				GCC_WARN_ABOUT_RETURN_TYPE = YES_ERROR;
				GCC_WARN_UNDECLARED_SELECTOR = YES;
				GCC_WARN_UNINITIALIZED_AUTOS = YES_AGGRESSIVE;
				GCC_WARN_UNUSED_FUNCTION = YES;
				GCC_WARN_UNUSED_VARIABLE = YES;
				IPHONEOS_DEPLOYMENT_TARGET = 13.2;
				MTL_ENABLE_DEBUG_INFO = NO;
				MTL_FAST_MATH = YES;
				SDKROOT = iphoneos;
				SWIFT_COMPILATION_MODE = wholemodule;
				SWIFT_OPTIMIZATION_LEVEL = "-O";
				VALIDATE_PRODUCT = YES;
			};
			name = Release;
		};
		AC180EC023A73D2900C90C39 /* Debug */ = {
			isa = XCBuildConfiguration;
			buildSettings = {
				ASSETCATALOG_COMPILER_APPICON_NAME = AppIcon;
				CODE_SIGN_STYLE = Automatic;
				INFOPLIST_FILE = "[7-1]191216_IntrinsicContentSizeExample/Info.plist";
				LD_RUNPATH_SEARCH_PATHS = (
					"$(inherited)",
					"@executable_path/Frameworks",
				);
				PRODUCT_BUNDLE_IDENTIFIER = "com.cskim.-7-1-191216-IntrinsicContentSizeExample";
				PRODUCT_NAME = "$(TARGET_NAME)";
				SWIFT_VERSION = 5.0;
				TARGETED_DEVICE_FAMILY = "1,2";
			};
			name = Debug;
		};
		AC180EC123A73D2900C90C39 /* Release */ = {
			isa = XCBuildConfiguration;
			buildSettings = {
				ASSETCATALOG_COMPILER_APPICON_NAME = AppIcon;
				CODE_SIGN_STYLE = Automatic;
				INFOPLIST_FILE = "[7-1]191216_IntrinsicContentSizeExample/Info.plist";
				LD_RUNPATH_SEARCH_PATHS = (
					"$(inherited)",
					"@executable_path/Frameworks",
				);
				PRODUCT_BUNDLE_IDENTIFIER = "com.cskim.-7-1-191216-IntrinsicContentSizeExample";
				PRODUCT_NAME = "$(TARGET_NAME)";
				SWIFT_VERSION = 5.0;
				TARGETED_DEVICE_FAMILY = "1,2";
			};
			name = Release;
		};
/* End XCBuildConfiguration section */

/* Begin XCConfigurationList section */
		AC180EA623A73D2800C90C39 /* Build configuration list for PBXProject "[7-1]191216_IntrinsicContentSizeExample" */ = {
			isa = XCConfigurationList;
			buildConfigurations = (
				AC180EBD23A73D2900C90C39 /* Debug */,
				AC180EBE23A73D2900C90C39 /* Release */,
			);
			defaultConfigurationIsVisible = 0;
			defaultConfigurationName = Release;
		};
		AC180EBF23A73D2900C90C39 /* Build configuration list for PBXNativeTarget "[7-1]191216_IntrinsicContentSizeExample" */ = {
			isa = XCConfigurationList;
			buildConfigurations = (
				AC180EC023A73D2900C90C39 /* Debug */,
				AC180EC123A73D2900C90C39 /* Release */,
			);
			defaultConfigurationIsVisible = 0;
			defaultConfigurationName = Release;
		};
/* End XCConfigurationList section */
	};
	rootObject = AC180EA323A73D2800C90C39 /* Project object */;
}
