// !$*UTF8*$!
{
	archiveVersion = 1;
	classes = {
	};
	objectVersion = 50;
	objects = {

/* Begin PBXBuildFile section */
		AC180E6A23A34A2100C90C39 /* AppDelegate.swift in Sources */ = {isa = PBXBuildFile; fileRef = AC180E6923A34A2100C90C39 /* AppDelegate.swift */; };
		AC180E6E23A34A2100C90C39 /* ViewController.swift in Sources */ = {isa = PBXBuildFile; fileRef = AC180E6D23A34A2100C90C39 /* ViewController.swift */; };
		AC180E7323A34A2200C90C39 /* Assets.xcassets in Resources */ = {isa = PBXBuildFile; fileRef = AC180E7223A34A2200C90C39 /* Assets.xcassets */; };
		AC180E7623A34A2200C90C39 /* LaunchScreen.storyboard in Resources */ = {isa = PBXBuildFile; fileRef = AC180E7423A34A2200C90C39 /* LaunchScreen.storyboard */; };
		AC180E7F23A350FE00C90C39 /* LogoView.swift in Sources */ = {isa = PBXBuildFile; fileRef = AC180E7E23A350FE00C90C39 /* LogoView.swift */; };
		AC180E8623A35FE300C90C39 /* Dot.swift in Sources */ = {isa = PBXBuildFile; fileRef = AC180E8523A35FE300C90C39 /* Dot.swift */; };
		AC180E8823A3606900C90C39 /* ImageKey.swift in Sources */ = {isa = PBXBuildFile; fileRef = AC180E8723A3606900C90C39 /* ImageKey.swift */; };
		AC180E8A23A3609800C90C39 /* FormContainerView.swift in Sources */ = {isa = PBXBuildFile; fileRef = AC180E8923A3609800C90C39 /* FormContainerView.swift */; };
		AC180E8E23A362BD00C90C39 /* FormTextField.swift in Sources */ = {isa = PBXBuildFile; fileRef = AC180E8D23A362BD00C90C39 /* FormTextField.swift */; };
		AC180E9023A3769200C90C39 /* SignContainerView.swift in Sources */ = {isa = PBXBuildFile; fileRef = AC180E8F23A3769200C90C39 /* SignContainerView.swift */; };
		AC180E9223A378F900C90C39 /* MainViewController.swift in Sources */ = {isa = PBXBuildFile; fileRef = AC180E9123A378F900C90C39 /* MainViewController.swift */; };
		AC180E9723A3B21200C90C39 /* DotView.swift in Sources */ = {isa = PBXBuildFile; fileRef = AC180E9623A3B21200C90C39 /* DotView.swift */; };
		AC180E9B23A4A4C800C90C39 /* SignButton.swift in Sources */ = {isa = PBXBuildFile; fileRef = AC180E9A23A4A4C800C90C39 /* SignButton.swift */; };
		AC180E9D23A4AEBF00C90C39 /* UserInfoKey.swift in Sources */ = {isa = PBXBuildFile; fileRef = AC180E9C23A4AEBF00C90C39 /* UserInfoKey.swift */; };
		AC180E9F23A4BE8D00C90C39 /* SignUpViewController.swift in Sources */ = {isa = PBXBuildFile; fileRef = AC180E9E23A4BE8D00C90C39 /* SignUpViewController.swift */; };
/* End PBXBuildFile section */

/* Begin PBXFileReference section */
		AC180E6623A34A2100C90C39 /* [6-5]191213_LoginExample.app */ = {isa = PBXFileReference; explicitFileType = wrapper.application; includeInIndex = 0; path = "[6-5]191213_LoginExample.app"; sourceTree = BUILT_PRODUCTS_DIR; };
		AC180E6923A34A2100C90C39 /* AppDelegate.swift */ = {isa = PBXFileReference; lastKnownFileType = sourcecode.swift; path = AppDelegate.swift; sourceTree = "<group>"; };
		AC180E6D23A34A2100C90C39 /* ViewController.swift */ = {isa = PBXFileReference; lastKnownFileType = sourcecode.swift; name = ViewController.swift; path = ../ViewController.swift; sourceTree = "<group>"; };
		AC180E7223A34A2200C90C39 /* Assets.xcassets */ = {isa = PBXFileReference; lastKnownFileType = folder.assetcatalog; path = Assets.xcassets; sourceTree = "<group>"; };
		AC180E7523A34A2200C90C39 /* Base */ = {isa = PBXFileReference; lastKnownFileType = file.storyboard; name = Base; path = Base.lproj/LaunchScreen.storyboard; sourceTree = "<group>"; };
		AC180E7723A34A2200C90C39 /* Info.plist */ = {isa = PBXFileReference; lastKnownFileType = text.plist.xml; path = Info.plist; sourceTree = "<group>"; };
		AC180E7E23A350FE00C90C39 /* LogoView.swift */ = {isa = PBXFileReference; lastKnownFileType = sourcecode.swift; path = LogoView.swift; sourceTree = "<group>"; };
		AC180E8523A35FE300C90C39 /* Dot.swift */ = {isa = PBXFileReference; lastKnownFileType = sourcecode.swift; path = Dot.swift; sourceTree = "<group>"; };
		AC180E8723A3606900C90C39 /* ImageKey.swift */ = {isa = PBXFileReference; lastKnownFileType = sourcecode.swift; path = ImageKey.swift; sourceTree = "<group>"; };
		AC180E8923A3609800C90C39 /* FormContainerView.swift */ = {isa = PBXFileReference; lastKnownFileType = sourcecode.swift; path = FormContainerView.swift; sourceTree = "<group>"; };
		AC180E8D23A362BD00C90C39 /* FormTextField.swift */ = {isa = PBXFileReference; lastKnownFileType = sourcecode.swift; path = FormTextField.swift; sourceTree = "<group>"; };
		AC180E8F23A3769200C90C39 /* SignContainerView.swift */ = {isa = PBXFileReference; lastKnownFileType = sourcecode.swift; path = SignContainerView.swift; sourceTree = "<group>"; };
		AC180E9123A378F900C90C39 /* MainViewController.swift */ = {isa = PBXFileReference; lastKnownFileType = sourcecode.swift; name = MainViewController.swift; path = ../View/MainViewController.swift; sourceTree = "<group>"; };
		AC180E9623A3B21200C90C39 /* DotView.swift */ = {isa = PBXFileReference; lastKnownFileType = sourcecode.swift; path = DotView.swift; sourceTree = "<group>"; };
		AC180E9A23A4A4C800C90C39 /* SignButton.swift */ = {isa = PBXFileReference; lastKnownFileType = sourcecode.swift; path = SignButton.swift; sourceTree = "<group>"; };
		AC180E9C23A4AEBF00C90C39 /* UserInfoKey.swift */ = {isa = PBXFileReference; lastKnownFileType = sourcecode.swift; path = UserInfoKey.swift; sourceTree = "<group>"; };
		AC180E9E23A4BE8D00C90C39 /* SignUpViewController.swift */ = {isa = PBXFileReference; lastKnownFileType = sourcecode.swift; name = SignUpViewController.swift; path = "[6-5]191213_LoginExample/Controller/SignUpViewController.swift"; sourceTree = SOURCE_ROOT; };
/* End PBXFileReference section */

/* Begin PBXFrameworksBuildPhase section */
		AC180E6323A34A2100C90C39 /* Frameworks */ = {
			isa = PBXFrameworksBuildPhase;
			buildActionMask = 2147483647;
			files = (
			);
			runOnlyForDeploymentPostprocessing = 0;
		};
/* End PBXFrameworksBuildPhase section */

/* Begin PBXGroup section */
		AC180E5D23A34A2100C90C39 = {
			isa = PBXGroup;
			children = (
				AC180E6823A34A2100C90C39 /* [6-5]191213_LoginExample */,
				AC180E6723A34A2100C90C39 /* Products */,
			);
			sourceTree = "<group>";
		};
		AC180E6723A34A2100C90C39 /* Products */ = {
			isa = PBXGroup;
			children = (
				AC180E6623A34A2100C90C39 /* [6-5]191213_LoginExample.app */,
			);
			name = Products;
			sourceTree = "<group>";
		};
		AC180E6823A34A2100C90C39 /* [6-5]191213_LoginExample */ = {
			isa = PBXGroup;
			children = (
				AC180E9323A378FD00C90C39 /* Controller */,
				AC180E8023A3537B00C90C39 /* Model */,
				AC180E7D23A350E400C90C39 /* View */,
				AC180E6923A34A2100C90C39 /* AppDelegate.swift */,
				AC180E7223A34A2200C90C39 /* Assets.xcassets */,
				AC180E7423A34A2200C90C39 /* LaunchScreen.storyboard */,
				AC180E7723A34A2200C90C39 /* Info.plist */,
			);
			path = "[6-5]191213_LoginExample";
			sourceTree = "<group>";
		};
		AC180E7D23A350E400C90C39 /* View */ = {
			isa = PBXGroup;
			children = (
				AC180E7E23A350FE00C90C39 /* LogoView.swift */,
				AC180E9623A3B21200C90C39 /* DotView.swift */,
				AC180E8523A35FE300C90C39 /* Dot.swift */,
				AC180E8923A3609800C90C39 /* FormContainerView.swift */,
				AC180E8D23A362BD00C90C39 /* FormTextField.swift */,
				AC180E8F23A3769200C90C39 /* SignContainerView.swift */,
				AC180E9A23A4A4C800C90C39 /* SignButton.swift */,
			);
			path = View;
			sourceTree = "<group>";
		};
		AC180E8023A3537B00C90C39 /* Model */ = {
			isa = PBXGroup;
			children = (
				AC180E8723A3606900C90C39 /* ImageKey.swift */,
				AC180E9C23A4AEBF00C90C39 /* UserInfoKey.swift */,
			);
			path = Model;
			sourceTree = "<group>";
		};
		AC180E9323A378FD00C90C39 /* Controller */ = {
			isa = PBXGroup;
			children = (
				AC180E6D23A34A2100C90C39 /* ViewController.swift */,
				AC180E9123A378F900C90C39 /* MainViewController.swift */,
				AC180E9E23A4BE8D00C90C39 /* SignUpViewController.swift */,
			);
			path = Controller;
			sourceTree = "<group>";
		};
/* End PBXGroup section */

/* Begin PBXNativeTarget section */
		AC180E6523A34A2100C90C39 /* [6-5]191213_LoginExample */ = {
			isa = PBXNativeTarget;
			buildConfigurationList = AC180E7A23A34A2200C90C39 /* Build configuration list for PBXNativeTarget "[6-5]191213_LoginExample" */;
			buildPhases = (
				AC180E6223A34A2100C90C39 /* Sources */,
				AC180E6323A34A2100C90C39 /* Frameworks */,
				AC180E6423A34A2100C90C39 /* Resources */,
			);
			buildRules = (
			);
			dependencies = (
			);
			name = "[6-5]191213_LoginExample";
			productName = "[6-5]191213_LoginExample";
			productReference = AC180E6623A34A2100C90C39 /* [6-5]191213_LoginExample.app */;
			productType = "com.apple.product-type.application";
		};
/* End PBXNativeTarget section */

/* Begin PBXProject section */
		AC180E5E23A34A2100C90C39 /* Project object */ = {
			isa = PBXProject;
			attributes = {
				LastSwiftUpdateCheck = 1130;
				LastUpgradeCheck = 1130;
				ORGANIZATIONNAME = cskim;
				TargetAttributes = {
					AC180E6523A34A2100C90C39 = {
						CreatedOnToolsVersion = 11.3;
					};
				};
			};
			buildConfigurationList = AC180E6123A34A2100C90C39 /* Build configuration list for PBXProject "[6-5]191213_LoginExample" */;
			compatibilityVersion = "Xcode 9.3";
			developmentRegion = en;
			hasScannedForEncodings = 0;
			knownRegions = (
				en,
				Base,
			);
			mainGroup = AC180E5D23A34A2100C90C39;
			productRefGroup = AC180E6723A34A2100C90C39 /* Products */;
			projectDirPath = "";
			projectRoot = "";
			targets = (
				AC180E6523A34A2100C90C39 /* [6-5]191213_LoginExample */,
			);
		};
/* End PBXProject section */

/* Begin PBXResourcesBuildPhase section */
		AC180E6423A34A2100C90C39 /* Resources */ = {
			isa = PBXResourcesBuildPhase;
			buildActionMask = 2147483647;
			files = (
				AC180E7623A34A2200C90C39 /* LaunchScreen.storyboard in Resources */,
				AC180E7323A34A2200C90C39 /* Assets.xcassets in Resources */,
			);
			runOnlyForDeploymentPostprocessing = 0;
		};
/* End PBXResourcesBuildPhase section */

/* Begin PBXSourcesBuildPhase section */
		AC180E6223A34A2100C90C39 /* Sources */ = {
			isa = PBXSourcesBuildPhase;
			buildActionMask = 2147483647;
			files = (
				AC180E6E23A34A2100C90C39 /* ViewController.swift in Sources */,
				AC180E9023A3769200C90C39 /* SignContainerView.swift in Sources */,
				AC180E8823A3606900C90C39 /* ImageKey.swift in Sources */,
				AC180E7F23A350FE00C90C39 /* LogoView.swift in Sources */,
				AC180E9D23A4AEBF00C90C39 /* UserInfoKey.swift in Sources */,
				AC180E9723A3B21200C90C39 /* DotView.swift in Sources */,
				AC180E9B23A4A4C800C90C39 /* SignButton.swift in Sources */,
				AC180E8E23A362BD00C90C39 /* FormTextField.swift in Sources */,
				AC180E6A23A34A2100C90C39 /* AppDelegate.swift in Sources */,
				AC180E9223A378F900C90C39 /* MainViewController.swift in Sources */,
				AC180E8A23A3609800C90C39 /* FormContainerView.swift in Sources */,
				AC180E9F23A4BE8D00C90C39 /* SignUpViewController.swift in Sources */,
				AC180E8623A35FE300C90C39 /* Dot.swift in Sources */,
			);
			runOnlyForDeploymentPostprocessing = 0;
		};
/* End PBXSourcesBuildPhase section */

/* Begin PBXVariantGroup section */
		AC180E7423A34A2200C90C39 /* LaunchScreen.storyboard */ = {
			isa = PBXVariantGroup;
			children = (
				AC180E7523A34A2200C90C39 /* Base */,
			);
			name = LaunchScreen.storyboard;
			sourceTree = "<group>";
		};
/* End PBXVariantGroup section */

/* Begin XCBuildConfiguration section */
		AC180E7823A34A2200C90C39 /* Debug */ = {
			isa = XCBuildConfiguration;
			buildSettings = {
				ALWAYS_SEARCH_USER_PATHS = NO;
				CLANG_ANALYZER_NONNULL = YES;
				CLANG_ANALYZER_NUMBER_OBJECT_CONVERSION = YES_AGGRESSIVE;
				CLANG_CXX_LANGUAGE_STANDARD = "gnu++14";
				CLANG_CXX_LIBRARY = "libc++";
				CLANG_ENABLE_MODULES = YES;
				CLANG_ENABLE_OBJC_ARC = YES;
				CLANG_ENABLE_OBJC_WEAK = YES;
				CLANG_WARN_BLOCK_CAPTURE_AUTORELEASING = YES;
				CLANG_WARN_BOOL_CONVERSION = YES;
				CLANG_WARN_COMMA = YES;
				CLANG_WARN_CONSTANT_CONVERSION = YES;
				CLANG_WARN_DEPRECATED_OBJC_IMPLEMENTATIONS = YES;
				CLANG_WARN_DIRECT_OBJC_ISA_USAGE = YES_ERROR;
				CLANG_WARN_DOCUMENTATION_COMMENTS = YES;
				CLANG_WARN_EMPTY_BODY = YES;
				CLANG_WARN_ENUM_CONVERSION = YES;
				CLANG_WARN_INFINITE_RECURSION = YES;
				CLANG_WARN_INT_CONVERSION = YES;
				CLANG_WARN_NON_LITERAL_NULL_CONVERSION = YES;
				CLANG_WARN_OBJC_IMPLICIT_RETAIN_SELF = YES;
				CLANG_WARN_OBJC_LITERAL_CONVERSION = YES;
				CLANG_WARN_OBJC_ROOT_CLASS = YES_ERROR;
				CLANG_WARN_RANGE_LOOP_ANALYSIS = YES;
				CLANG_WARN_STRICT_PROTOTYPES = YES;
				CLANG_WARN_SUSPICIOUS_MOVE = YES;
				CLANG_WARN_UNGUARDED_AVAILABILITY = YES_AGGRESSIVE;
				CLANG_WARN_UNREACHABLE_CODE = YES;
				CLANG_WARN__DUPLICATE_METHOD_MATCH = YES;
				COPY_PHASE_STRIP = NO;
				DEBUG_INFORMATION_FORMAT = dwarf;
				ENABLE_STRICT_OBJC_MSGSEND = YES;
				ENABLE_TESTABILITY = YES;
				GCC_C_LANGUAGE_STANDARD = gnu11;
				GCC_DYNAMIC_NO_PIC = NO;
				GCC_NO_COMMON_BLOCKS = YES;
				GCC_OPTIMIZATION_LEVEL = 0;
				GCC_PREPROCESSOR_DEFINITIONS = (
					"DEBUG=1",
					"$(inherited)",
				);
				GCC_WARN_64_TO_32_BIT_CONVERSION = YES;
				GCC_WARN_ABOUT_RETURN_TYPE = YES_ERROR;
				GCC_WARN_UNDECLARED_SELECTOR = YES;
				GCC_WARN_UNINITIALIZED_AUTOS = YES_AGGRESSIVE;
				GCC_WARN_UNUSED_FUNCTION = YES;
				GCC_WARN_UNUSED_VARIABLE = YES;
				IPHONEOS_DEPLOYMENT_TARGET = 13.2;
				MTL_ENABLE_DEBUG_INFO = INCLUDE_SOURCE;
				MTL_FAST_MATH = YES;
				ONLY_ACTIVE_ARCH = YES;
				SDKROOT = iphoneos;
				SWIFT_ACTIVE_COMPILATION_CONDITIONS = DEBUG;
				SWIFT_OPTIMIZATION_LEVEL = "-Onone";
			};
			name = Debug;
		};
		AC180E7923A34A2200C90C39 /* Release */ = {
			isa = XCBuildConfiguration;
			buildSettings = {
				ALWAYS_SEARCH_USER_PATHS = NO;
				CLANG_ANALYZER_NONNULL = YES;
				CLANG_ANALYZER_NUMBER_OBJECT_CONVERSION = YES_AGGRESSIVE;
				CLANG_CXX_LANGUAGE_STANDARD = "gnu++14";
				CLANG_CXX_LIBRARY = "libc++";
				CLANG_ENABLE_MODULES = YES;
				CLANG_ENABLE_OBJC_ARC = YES;
				CLANG_ENABLE_OBJC_WEAK = YES;
				CLANG_WARN_BLOCK_CAPTURE_AUTORELEASING = YES;
				CLANG_WARN_BOOL_CONVERSION = YES;
				CLANG_WARN_COMMA = YES;
				CLANG_WARN_CONSTANT_CONVERSION = YES;
				CLANG_WARN_DEPRECATED_OBJC_IMPLEMENTATIONS = YES;
				CLANG_WARN_DIRECT_OBJC_ISA_USAGE = YES_ERROR;
				CLANG_WARN_DOCUMENTATION_COMMENTS = YES;
				CLANG_WARN_EMPTY_BODY = YES;
				CLANG_WARN_ENUM_CONVERSION = YES;
				CLANG_WARN_INFINITE_RECURSION = YES;
				CLANG_WARN_INT_CONVERSION = YES;
				CLANG_WARN_NON_LITERAL_NULL_CONVERSION = YES;
				CLANG_WARN_OBJC_IMPLICIT_RETAIN_SELF = YES;
				CLANG_WARN_OBJC_LITERAL_CONVERSION = YES;
				CLANG_WARN_OBJC_ROOT_CLASS = YES_ERROR;
				CLANG_WARN_RANGE_LOOP_ANALYSIS = YES;
				CLANG_WARN_STRICT_PROTOTYPES = YES;
				CLANG_WARN_SUSPICIOUS_MOVE = YES;
				CLANG_WARN_UNGUARDED_AVAILABILITY = YES_AGGRESSIVE;
				CLANG_WARN_UNREACHABLE_CODE = YES;
				CLANG_WARN__DUPLICATE_METHOD_MATCH = YES;
				COPY_PHASE_STRIP = NO;
				DEBUG_INFORMATION_FORMAT = "dwarf-with-dsym";
				ENABLE_NS_ASSERTIONS = NO;
				ENABLE_STRICT_OBJC_MSGSEND = YES;
				GCC_C_LANGUAGE_STANDARD = gnu11;
				GCC_NO_COMMON_BLOCKS = YES;
				GCC_WARN_64_TO_32_BIT_CONVERSION = YES;
				GCC_WARN_ABOUT_RETURN_TYPE = YES_ERROR;
				GCC_WARN_UNDECLARED_SELECTOR = YES;
				GCC_WARN_UNINITIALIZED_AUTOS = YES_AGGRESSIVE;
				GCC_WARN_UNUSED_FUNCTION = YES;
				GCC_WARN_UNUSED_VARIABLE = YES;
				IPHONEOS_DEPLOYMENT_TARGET = 13.2;
				MTL_ENABLE_DEBUG_INFO = NO;
				MTL_FAST_MATH = YES;
				SDKROOT = iphoneos;
				SWIFT_COMPILATION_MODE = wholemodule;
				SWIFT_OPTIMIZATION_LEVEL = "-O";
				VALIDATE_PRODUCT = YES;
			};
			name = Release;
		};
		AC180E7B23A34A2200C90C39 /* Debug */ = {
			isa = XCBuildConfiguration;
			buildSettings = {
				ASSETCATALOG_COMPILER_APPICON_NAME = AppIcon;
				CODE_SIGN_STYLE = Automatic;
				INFOPLIST_FILE = "[6-5]191213_LoginExample/Info.plist";
				LD_RUNPATH_SEARCH_PATHS = (
					"$(inherited)",
					"@executable_path/Frameworks",
				);
				PRODUCT_BUNDLE_IDENTIFIER = "com.cskim.-6-5-191213-LoginExample";
				PRODUCT_NAME = "$(TARGET_NAME)";
				SWIFT_VERSION = 5.0;
				TARGETED_DEVICE_FAMILY = "1,2";
			};
			name = Debug;
		};
		AC180E7C23A34A2200C90C39 /* Release */ = {
			isa = XCBuildConfiguration;
			buildSettings = {
				ASSETCATALOG_COMPILER_APPICON_NAME = AppIcon;
				CODE_SIGN_STYLE = Automatic;
				INFOPLIST_FILE = "[6-5]191213_LoginExample/Info.plist";
				LD_RUNPATH_SEARCH_PATHS = (
					"$(inherited)",
					"@executable_path/Frameworks",
				);
				PRODUCT_BUNDLE_IDENTIFIER = "com.cskim.-6-5-191213-LoginExample";
				PRODUCT_NAME = "$(TARGET_NAME)";
				SWIFT_VERSION = 5.0;
				TARGETED_DEVICE_FAMILY = "1,2";
			};
			name = Release;
		};
/* End XCBuildConfiguration section */

/* Begin XCConfigurationList section */
		AC180E6123A34A2100C90C39 /* Build configuration list for PBXProject "[6-5]191213_LoginExample" */ = {
			isa = XCConfigurationList;
			buildConfigurations = (
				AC180E7823A34A2200C90C39 /* Debug */,
				AC180E7923A34A2200C90C39 /* Release */,
			);
			defaultConfigurationIsVisible = 0;
			defaultConfigurationName = Release;
		};
		AC180E7A23A34A2200C90C39 /* Build configuration list for PBXNativeTarget "[6-5]191213_LoginExample" */ = {
			isa = XCConfigurationList;
			buildConfigurations = (
				AC180E7B23A34A2200C90C39 /* Debug */,
				AC180E7C23A34A2200C90C39 /* Release */,
			);
			defaultConfigurationIsVisible = 0;
			defaultConfigurationName = Release;
		};
/* End XCConfigurationList section */
	};
	rootObject = AC180E5E23A34A2100C90C39 /* Project object */;
}
