// !$*UTF8*$!
{
	archiveVersion = 1;
	classes = {
	};
	objectVersion = 50;
	objects = {

/* Begin PBXBuildFile section */
		AC999228238BEF9D00D4EF6C /* AppDelegate.swift in Sources */ = {isa = PBXBuildFile; fileRef = AC999227238BEF9D00D4EF6C /* AppDelegate.swift */; };
		AC99922A238BEF9D00D4EF6C /* SceneDelegate.swift in Sources */ = {isa = PBXBuildFile; fileRef = AC999229238BEF9D00D4EF6C /* SceneDelegate.swift */; };
		AC99922C238BEF9D00D4EF6C /* ViewController.swift in Sources */ = {isa = PBXBuildFile; fileRef = AC99922B238BEF9D00D4EF6C /* ViewController.swift */; };
		AC99922F238BEF9D00D4EF6C /* Main.storyboard in Resources */ = {isa = PBXBuildFile; fileRef = AC99922D238BEF9D00D4EF6C /* Main.storyboard */; };
		AC999231238BEF9D00D4EF6C /* Assets.xcassets in Resources */ = {isa = PBXBuildFile; fileRef = AC999230238BEF9D00D4EF6C /* Assets.xcassets */; };
		AC999234238BEF9D00D4EF6C /* LaunchScreen.storyboard in Resources */ = {isa = PBXBuildFile; fileRef = AC999232238BEF9D00D4EF6C /* LaunchScreen.storyboard */; };
		AC99923C238BF0B400D4EF6C /* BViewController.swift in Sources */ = {isa = PBXBuildFile; fileRef = AC99923B238BF0B400D4EF6C /* BViewController.swift */; };
/* End PBXBuildFile section */

/* Begin PBXFileReference section */
		AC999224238BEF9D00D4EF6C /* [4-1]191125_Homework.app */ = {isa = PBXFileReference; explicitFileType = wrapper.application; includeInIndex = 0; path = "[4-1]191125_Homework.app"; sourceTree = BUILT_PRODUCTS_DIR; };
		AC999227238BEF9D00D4EF6C /* AppDelegate.swift */ = {isa = PBXFileReference; lastKnownFileType = sourcecode.swift; path = AppDelegate.swift; sourceTree = "<group>"; };
		AC999229238BEF9D00D4EF6C /* SceneDelegate.swift */ = {isa = PBXFileReference; lastKnownFileType = sourcecode.swift; path = SceneDelegate.swift; sourceTree = "<group>"; };
		AC99922B238BEF9D00D4EF6C /* ViewController.swift */ = {isa = PBXFileReference; lastKnownFileType = sourcecode.swift; path = ViewController.swift; sourceTree = "<group>"; };
		AC99922E238BEF9D00D4EF6C /* Base */ = {isa = PBXFileReference; lastKnownFileType = file.storyboard; name = Base; path = Base.lproj/Main.storyboard; sourceTree = "<group>"; };
		AC999230238BEF9D00D4EF6C /* Assets.xcassets */ = {isa = PBXFileReference; lastKnownFileType = folder.assetcatalog; path = Assets.xcassets; sourceTree = "<group>"; };
		AC999233238BEF9D00D4EF6C /* Base */ = {isa = PBXFileReference; lastKnownFileType = file.storyboard; name = Base; path = Base.lproj/LaunchScreen.storyboard; sourceTree = "<group>"; };
		AC999235238BEF9D00D4EF6C /* Info.plist */ = {isa = PBXFileReference; lastKnownFileType = text.plist.xml; path = Info.plist; sourceTree = "<group>"; };
		AC99923B238BF0B400D4EF6C /* BViewController.swift */ = {isa = PBXFileReference; lastKnownFileType = sourcecode.swift; path = BViewController.swift; sourceTree = "<group>"; };
/* End PBXFileReference section */

/* Begin PBXFrameworksBuildPhase section */
		AC999221238BEF9D00D4EF6C /* Frameworks */ = {
			isa = PBXFrameworksBuildPhase;
			buildActionMask = 2147483647;
			files = (
			);
			runOnlyForDeploymentPostprocessing = 0;
		};
/* End PBXFrameworksBuildPhase section */

/* Begin PBXGroup section */
		AC99921B238BEF9D00D4EF6C = {
			isa = PBXGroup;
			children = (
				AC999226238BEF9D00D4EF6C /* [4-1]191125_Homework */,
				AC999225238BEF9D00D4EF6C /* Products */,
			);
			sourceTree = "<group>";
		};
		AC999225238BEF9D00D4EF6C /* Products */ = {
			isa = PBXGroup;
			children = (
				AC999224238BEF9D00D4EF6C /* [4-1]191125_Homework.app */,
			);
			name = Products;
			sourceTree = "<group>";
		};
		AC999226238BEF9D00D4EF6C /* [4-1]191125_Homework */ = {
			isa = PBXGroup;
			children = (
				AC999227238BEF9D00D4EF6C /* AppDelegate.swift */,
				AC999229238BEF9D00D4EF6C /* SceneDelegate.swift */,
				AC99922B238BEF9D00D4EF6C /* ViewController.swift */,
				AC99923B238BF0B400D4EF6C /* BViewController.swift */,
				AC99922D238BEF9D00D4EF6C /* Main.storyboard */,
				AC999230238BEF9D00D4EF6C /* Assets.xcassets */,
				AC999232238BEF9D00D4EF6C /* LaunchScreen.storyboard */,
				AC999235238BEF9D00D4EF6C /* Info.plist */,
			);
			path = "[4-1]191125_Homework";
			sourceTree = "<group>";
		};
/* End PBXGroup section */

/* Begin PBXNativeTarget section */
		AC999223238BEF9D00D4EF6C /* [4-1]191125_Homework */ = {
			isa = PBXNativeTarget;
			buildConfigurationList = AC999238238BEF9D00D4EF6C /* Build configuration list for PBXNativeTarget "[4-1]191125_Homework" */;
			buildPhases = (
				AC999220238BEF9D00D4EF6C /* Sources */,
				AC999221238BEF9D00D4EF6C /* Frameworks */,
				AC999222238BEF9D00D4EF6C /* Resources */,
			);
			buildRules = (
			);
			dependencies = (
			);
			name = "[4-1]191125_Homework";
			productName = "[4-1]191125_Homework";
			productReference = AC999224238BEF9D00D4EF6C /* [4-1]191125_Homework.app */;
			productType = "com.apple.product-type.application";
		};
/* End PBXNativeTarget section */

/* Begin PBXProject section */
		AC99921C238BEF9D00D4EF6C /* Project object */ = {
			isa = PBXProject;
			attributes = {
				LastSwiftUpdateCheck = 1120;
				LastUpgradeCheck = 1120;
				ORGANIZATIONNAME = cskim;
				TargetAttributes = {
					AC999223238BEF9D00D4EF6C = {
						CreatedOnToolsVersion = 11.2;
					};
				};
			};
			buildConfigurationList = AC99921F238BEF9D00D4EF6C /* Build configuration list for PBXProject "[4-1]191125_Homework" */;
			compatibilityVersion = "Xcode 9.3";
			developmentRegion = en;
			hasScannedForEncodings = 0;
			knownRegions = (
				en,
				Base,
			);
			mainGroup = AC99921B238BEF9D00D4EF6C;
			productRefGroup = AC999225238BEF9D00D4EF6C /* Products */;
			projectDirPath = "";
			projectRoot = "";
			targets = (
				AC999223238BEF9D00D4EF6C /* [4-1]191125_Homework */,
			);
		};
/* End PBXProject section */

/* Begin PBXResourcesBuildPhase section */
		AC999222238BEF9D00D4EF6C /* Resources */ = {
			isa = PBXResourcesBuildPhase;
			buildActionMask = 2147483647;
			files = (
				AC999234238BEF9D00D4EF6C /* LaunchScreen.storyboard in Resources */,
				AC999231238BEF9D00D4EF6C /* Assets.xcassets in Resources */,
				AC99922F238BEF9D00D4EF6C /* Main.storyboard in Resources */,
			);
			runOnlyForDeploymentPostprocessing = 0;
		};
/* End PBXResourcesBuildPhase section */

/* Begin PBXSourcesBuildPhase section */
		AC999220238BEF9D00D4EF6C /* Sources */ = {
			isa = PBXSourcesBuildPhase;
			buildActionMask = 2147483647;
			files = (
				AC99922C238BEF9D00D4EF6C /* ViewController.swift in Sources */,
				AC99923C238BF0B400D4EF6C /* BViewController.swift in Sources */,
				AC999228238BEF9D00D4EF6C /* AppDelegate.swift in Sources */,
				AC99922A238BEF9D00D4EF6C /* SceneDelegate.swift in Sources */,
			);
			runOnlyForDeploymentPostprocessing = 0;
		};
/* End PBXSourcesBuildPhase section */

/* Begin PBXVariantGroup section */
		AC99922D238BEF9D00D4EF6C /* Main.storyboard */ = {
			isa = PBXVariantGroup;
			children = (
				AC99922E238BEF9D00D4EF6C /* Base */,
			);
			name = Main.storyboard;
			sourceTree = "<group>";
		};
		AC999232238BEF9D00D4EF6C /* LaunchScreen.storyboard */ = {
			isa = PBXVariantGroup;
			children = (
				AC999233238BEF9D00D4EF6C /* Base */,
			);
			name = LaunchScreen.storyboard;
			sourceTree = "<group>";
		};
/* End PBXVariantGroup section */

/* Begin XCBuildConfiguration section */
		AC999236238BEF9D00D4EF6C /* Debug */ = {
			isa = XCBuildConfiguration;
			buildSettings = {
				ALWAYS_SEARCH_USER_PATHS = NO;
				CLANG_ANALYZER_NONNULL = YES;
				CLANG_ANALYZER_NUMBER_OBJECT_CONVERSION = YES_AGGRESSIVE;
				CLANG_CXX_LANGUAGE_STANDARD = "gnu++14";
				CLANG_CXX_LIBRARY = "libc++";
				CLANG_ENABLE_MODULES = YES;
				CLANG_ENABLE_OBJC_ARC = YES;
				CLANG_ENABLE_OBJC_WEAK = YES;
				CLANG_WARN_BLOCK_CAPTURE_AUTORELEASING = YES;
				CLANG_WARN_BOOL_CONVERSION = YES;
				CLANG_WARN_COMMA = YES;
				CLANG_WARN_CONSTANT_CONVERSION = YES;
				CLANG_WARN_DEPRECATED_OBJC_IMPLEMENTATIONS = YES;
				CLANG_WARN_DIRECT_OBJC_ISA_USAGE = YES_ERROR;
				CLANG_WARN_DOCUMENTATION_COMMENTS = YES;
				CLANG_WARN_EMPTY_BODY = YES;
				CLANG_WARN_ENUM_CONVERSION = YES;
				CLANG_WARN_INFINITE_RECURSION = YES;
				CLANG_WARN_INT_CONVERSION = YES;
				CLANG_WARN_NON_LITERAL_NULL_CONVERSION = YES;
				CLANG_WARN_OBJC_IMPLICIT_RETAIN_SELF = YES;
				CLANG_WARN_OBJC_LITERAL_CONVERSION = YES;
				CLANG_WARN_OBJC_ROOT_CLASS = YES_ERROR;
				CLANG_WARN_RANGE_LOOP_ANALYSIS = YES;
				CLANG_WARN_STRICT_PROTOTYPES = YES;
				CLANG_WARN_SUSPICIOUS_MOVE = YES;
				CLANG_WARN_UNGUARDED_AVAILABILITY = YES_AGGRESSIVE;
				CLANG_WARN_UNREACHABLE_CODE = YES;
				CLANG_WARN__DUPLICATE_METHOD_MATCH = YES;
				COPY_PHASE_STRIP = NO;
				DEBUG_INFORMATION_FORMAT = dwarf;
				ENABLE_STRICT_OBJC_MSGSEND = YES;
				ENABLE_TESTABILITY = YES;
				GCC_C_LANGUAGE_STANDARD = gnu11;
				GCC_DYNAMIC_NO_PIC = NO;
				GCC_NO_COMMON_BLOCKS = YES;
				GCC_OPTIMIZATION_LEVEL = 0;
				GCC_PREPROCESSOR_DEFINITIONS = (
					"DEBUG=1",
					"$(inherited)",
				);
				GCC_WARN_64_TO_32_BIT_CONVERSION = YES;
				GCC_WARN_ABOUT_RETURN_TYPE = YES_ERROR;
				GCC_WARN_UNDECLARED_SELECTOR = YES;
				GCC_WARN_UNINITIALIZED_AUTOS = YES_AGGRESSIVE;
				GCC_WARN_UNUSED_FUNCTION = YES;
				GCC_WARN_UNUSED_VARIABLE = YES;
				IPHONEOS_DEPLOYMENT_TARGET = 13.2;
				MTL_ENABLE_DEBUG_INFO = INCLUDE_SOURCE;
				MTL_FAST_MATH = YES;
				ONLY_ACTIVE_ARCH = YES;
				SDKROOT = iphoneos;
				SWIFT_ACTIVE_COMPILATION_CONDITIONS = DEBUG;
				SWIFT_OPTIMIZATION_LEVEL = "-Onone";
			};
			name = Debug;
		};
		AC999237238BEF9D00D4EF6C /* Release */ = {
			isa = XCBuildConfiguration;
			buildSettings = {
				ALWAYS_SEARCH_USER_PATHS = NO;
				CLANG_ANALYZER_NONNULL = YES;
				CLANG_ANALYZER_NUMBER_OBJECT_CONVERSION = YES_AGGRESSIVE;
				CLANG_CXX_LANGUAGE_STANDARD = "gnu++14";
				CLANG_CXX_LIBRARY = "libc++";
				CLANG_ENABLE_MODULES = YES;
				CLANG_ENABLE_OBJC_ARC = YES;
				CLANG_ENABLE_OBJC_WEAK = YES;
				CLANG_WARN_BLOCK_CAPTURE_AUTORELEASING = YES;
				CLANG_WARN_BOOL_CONVERSION = YES;
				CLANG_WARN_COMMA = YES;
				CLANG_WARN_CONSTANT_CONVERSION = YES;
				CLANG_WARN_DEPRECATED_OBJC_IMPLEMENTATIONS = YES;
				CLANG_WARN_DIRECT_OBJC_ISA_USAGE = YES_ERROR;
				CLANG_WARN_DOCUMENTATION_COMMENTS = YES;
				CLANG_WARN_EMPTY_BODY = YES;
				CLANG_WARN_ENUM_CONVERSION = YES;
				CLANG_WARN_INFINITE_RECURSION = YES;
				CLANG_WARN_INT_CONVERSION = YES;
				CLANG_WARN_NON_LITERAL_NULL_CONVERSION = YES;
				CLANG_WARN_OBJC_IMPLICIT_RETAIN_SELF = YES;
				CLANG_WARN_OBJC_LITERAL_CONVERSION = YES;
				CLANG_WARN_OBJC_ROOT_CLASS = YES_ERROR;
				CLANG_WARN_RANGE_LOOP_ANALYSIS = YES;
				CLANG_WARN_STRICT_PROTOTYPES = YES;
				CLANG_WARN_SUSPICIOUS_MOVE = YES;
				CLANG_WARN_UNGUARDED_AVAILABILITY = YES_AGGRESSIVE;
				CLANG_WARN_UNREACHABLE_CODE = YES;
				CLANG_WARN__DUPLICATE_METHOD_MATCH = YES;
				COPY_PHASE_STRIP = NO;
				DEBUG_INFORMATION_FORMAT = "dwarf-with-dsym";
				ENABLE_NS_ASSERTIONS = NO;
				ENABLE_STRICT_OBJC_MSGSEND = YES;
				GCC_C_LANGUAGE_STANDARD = gnu11;
				GCC_NO_COMMON_BLOCKS = YES;
				GCC_WARN_64_TO_32_BIT_CONVERSION = YES;
				GCC_WARN_ABOUT_RETURN_TYPE = YES_ERROR;
				GCC_WARN_UNDECLARED_SELECTOR = YES;
				GCC_WARN_UNINITIALIZED_AUTOS = YES_AGGRESSIVE;
				GCC_WARN_UNUSED_FUNCTION = YES;
				GCC_WARN_UNUSED_VARIABLE = YES;
				IPHONEOS_DEPLOYMENT_TARGET = 13.2;
				MTL_ENABLE_DEBUG_INFO = NO;
				MTL_FAST_MATH = YES;
				SDKROOT = iphoneos;
				SWIFT_COMPILATION_MODE = wholemodule;
				SWIFT_OPTIMIZATION_LEVEL = "-O";
				VALIDATE_PRODUCT = YES;
			};
			name = Release;
		};
		AC999239238BEF9D00D4EF6C /* Debug */ = {
			isa = XCBuildConfiguration;
			buildSettings = {
				ASSETCATALOG_COMPILER_APPICON_NAME = AppIcon;
				CODE_SIGN_STYLE = Automatic;
				INFOPLIST_FILE = "[4-1]191125_Homework/Info.plist";
				LD_RUNPATH_SEARCH_PATHS = (
					"$(inherited)",
					"@executable_path/Frameworks",
				);
				PRODUCT_BUNDLE_IDENTIFIER = "com.cskim.-4-1-191125-Homework";
				PRODUCT_NAME = "$(TARGET_NAME)";
				SWIFT_VERSION = 5.0;
				TARGETED_DEVICE_FAMILY = "1,2";
			};
			name = Debug;
		};
		AC99923A238BEF9D00D4EF6C /* Release */ = {
			isa = XCBuildConfiguration;
			buildSettings = {
				ASSETCATALOG_COMPILER_APPICON_NAME = AppIcon;
				CODE_SIGN_STYLE = Automatic;
				INFOPLIST_FILE = "[4-1]191125_Homework/Info.plist";
				LD_RUNPATH_SEARCH_PATHS = (
					"$(inherited)",
					"@executable_path/Frameworks",
				);
				PRODUCT_BUNDLE_IDENTIFIER = "com.cskim.-4-1-191125-Homework";
				PRODUCT_NAME = "$(TARGET_NAME)";
				SWIFT_VERSION = 5.0;
				TARGETED_DEVICE_FAMILY = "1,2";
			};
			name = Release;
		};
/* End XCBuildConfiguration section */

/* Begin XCConfigurationList section */
		AC99921F238BEF9D00D4EF6C /* Build configuration list for PBXProject "[4-1]191125_Homework" */ = {
			isa = XCConfigurationList;
			buildConfigurations = (
				AC999236238BEF9D00D4EF6C /* Debug */,
				AC999237238BEF9D00D4EF6C /* Release */,
			);
			defaultConfigurationIsVisible = 0;
			defaultConfigurationName = Release;
		};
		AC999238238BEF9D00D4EF6C /* Build configuration list for PBXNativeTarget "[4-1]191125_Homework" */ = {
			isa = XCConfigurationList;
			buildConfigurations = (
				AC999239238BEF9D00D4EF6C /* Debug */,
				AC99923A238BEF9D00D4EF6C /* Release */,
			);
			defaultConfigurationIsVisible = 0;
			defaultConfigurationName = Release;
		};
/* End XCConfigurationList section */
	};
	rootObject = AC99921C238BEF9D00D4EF6C /* Project object */;
}
