// !$*UTF8*$!
{
	archiveVersion = 1;
	classes = {
	};
	objectVersion = 50;
	objects = {

/* Begin PBXBuildFile section */
		AC9E788623CC447E00FEF072 /* AppDelegate.swift in Sources */ = {isa = PBXBuildFile; fileRef = AC9E788523CC447E00FEF072 /* AppDelegate.swift */; };
		AC9E788823CC447E00FEF072 /* SceneDelegate.swift in Sources */ = {isa = PBXBuildFile; fileRef = AC9E788723CC447E00FEF072 /* SceneDelegate.swift */; };
		AC9E788A23CC447E00FEF072 /* ViewController.swift in Sources */ = {isa = PBXBuildFile; fileRef = AC9E788923CC447E00FEF072 /* ViewController.swift */; };
		AC9E788D23CC447E00FEF072 /* Main.storyboard in Resources */ = {isa = PBXBuildFile; fileRef = AC9E788B23CC447E00FEF072 /* Main.storyboard */; };
		AC9E788F23CC447F00FEF072 /* Assets.xcassets in Resources */ = {isa = PBXBuildFile; fileRef = AC9E788E23CC447F00FEF072 /* Assets.xcassets */; };
		AC9E789223CC447F00FEF072 /* LaunchScreen.storyboard in Resources */ = {isa = PBXBuildFile; fileRef = AC9E789023CC447F00FEF072 /* LaunchScreen.storyboard */; };
/* End PBXBuildFile section */

/* Begin PBXFileReference section */
		AC9E788223CC447E00FEF072 /* [11-1]200113_UIViewAnimationPractice.app */ = {isa = PBXFileReference; explicitFileType = wrapper.application; includeInIndex = 0; path = "[11-1]200113_UIViewAnimationPractice.app"; sourceTree = BUILT_PRODUCTS_DIR; };
		AC9E788523CC447E00FEF072 /* AppDelegate.swift */ = {isa = PBXFileReference; lastKnownFileType = sourcecode.swift; path = AppDelegate.swift; sourceTree = "<group>"; };
		AC9E788723CC447E00FEF072 /* SceneDelegate.swift */ = {isa = PBXFileReference; lastKnownFileType = sourcecode.swift; path = SceneDelegate.swift; sourceTree = "<group>"; };
		AC9E788923CC447E00FEF072 /* ViewController.swift */ = {isa = PBXFileReference; lastKnownFileType = sourcecode.swift; path = ViewController.swift; sourceTree = "<group>"; };
		AC9E788C23CC447E00FEF072 /* Base */ = {isa = PBXFileReference; lastKnownFileType = file.storyboard; name = Base; path = Base.lproj/Main.storyboard; sourceTree = "<group>"; };
		AC9E788E23CC447F00FEF072 /* Assets.xcassets */ = {isa = PBXFileReference; lastKnownFileType = folder.assetcatalog; path = Assets.xcassets; sourceTree = "<group>"; };
		AC9E789123CC447F00FEF072 /* Base */ = {isa = PBXFileReference; lastKnownFileType = file.storyboard; name = Base; path = Base.lproj/LaunchScreen.storyboard; sourceTree = "<group>"; };
		AC9E789323CC447F00FEF072 /* Info.plist */ = {isa = PBXFileReference; lastKnownFileType = text.plist.xml; path = Info.plist; sourceTree = "<group>"; };
/* End PBXFileReference section */

/* Begin PBXFrameworksBuildPhase section */
		AC9E787F23CC447E00FEF072 /* Frameworks */ = {
			isa = PBXFrameworksBuildPhase;
			buildActionMask = 2147483647;
			files = (
			);
			runOnlyForDeploymentPostprocessing = 0;
		};
/* End PBXFrameworksBuildPhase section */

/* Begin PBXGroup section */
		AC9E787923CC447E00FEF072 = {
			isa = PBXGroup;
			children = (
				AC9E788423CC447E00FEF072 /* [11-1]200113_UIViewAnimationPractice */,
				AC9E788323CC447E00FEF072 /* Products */,
			);
			sourceTree = "<group>";
		};
		AC9E788323CC447E00FEF072 /* Products */ = {
			isa = PBXGroup;
			children = (
				AC9E788223CC447E00FEF072 /* [11-1]200113_UIViewAnimationPractice.app */,
			);
			name = Products;
			sourceTree = "<group>";
		};
		AC9E788423CC447E00FEF072 /* [11-1]200113_UIViewAnimationPractice */ = {
			isa = PBXGroup;
			children = (
				AC9E788523CC447E00FEF072 /* AppDelegate.swift */,
				AC9E788723CC447E00FEF072 /* SceneDelegate.swift */,
				AC9E788923CC447E00FEF072 /* ViewController.swift */,
				AC9E788B23CC447E00FEF072 /* Main.storyboard */,
				AC9E788E23CC447F00FEF072 /* Assets.xcassets */,
				AC9E789023CC447F00FEF072 /* LaunchScreen.storyboard */,
				AC9E789323CC447F00FEF072 /* Info.plist */,
			);
			path = "[11-1]200113_UIViewAnimationPractice";
			sourceTree = "<group>";
		};
/* End PBXGroup section */

/* Begin PBXNativeTarget section */
		AC9E788123CC447E00FEF072 /* [11-1]200113_UIViewAnimationPractice */ = {
			isa = PBXNativeTarget;
			buildConfigurationList = AC9E789623CC447F00FEF072 /* Build configuration list for PBXNativeTarget "[11-1]200113_UIViewAnimationPractice" */;
			buildPhases = (
				AC9E787E23CC447E00FEF072 /* Sources */,
				AC9E787F23CC447E00FEF072 /* Frameworks */,
				AC9E788023CC447E00FEF072 /* Resources */,
			);
			buildRules = (
			);
			dependencies = (
			);
			name = "[11-1]200113_UIViewAnimationPractice";
			productName = "[11-1]200113_UIViewAnimationPractice";
			productReference = AC9E788223CC447E00FEF072 /* [11-1]200113_UIViewAnimationPractice.app */;
			productType = "com.apple.product-type.application";
		};
/* End PBXNativeTarget section */

/* Begin PBXProject section */
		AC9E787A23CC447E00FEF072 /* Project object */ = {
			isa = PBXProject;
			attributes = {
				LastSwiftUpdateCheck = 1130;
				LastUpgradeCheck = 1130;
				ORGANIZATIONNAME = cskim;
				TargetAttributes = {
					AC9E788123CC447E00FEF072 = {
						CreatedOnToolsVersion = 11.3;
					};
				};
			};
			buildConfigurationList = AC9E787D23CC447E00FEF072 /* Build configuration list for PBXProject "[11-1]200113_UIViewAnimationPractice" */;
			compatibilityVersion = "Xcode 9.3";
			developmentRegion = en;
			hasScannedForEncodings = 0;
			knownRegions = (
				en,
				Base,
			);
			mainGroup = AC9E787923CC447E00FEF072;
			productRefGroup = AC9E788323CC447E00FEF072 /* Products */;
			projectDirPath = "";
			projectRoot = "";
			targets = (
				AC9E788123CC447E00FEF072 /* [11-1]200113_UIViewAnimationPractice */,
			);
		};
/* End PBXProject section */

/* Begin PBXResourcesBuildPhase section */
		AC9E788023CC447E00FEF072 /* Resources */ = {
			isa = PBXResourcesBuildPhase;
			buildActionMask = 2147483647;
			files = (
				AC9E789223CC447F00FEF072 /* LaunchScreen.storyboard in Resources */,
				AC9E788F23CC447F00FEF072 /* Assets.xcassets in Resources */,
				AC9E788D23CC447E00FEF072 /* Main.storyboard in Resources */,
			);
			runOnlyForDeploymentPostprocessing = 0;
		};
/* End PBXResourcesBuildPhase section */

/* Begin PBXSourcesBuildPhase section */
		AC9E787E23CC447E00FEF072 /* Sources */ = {
			isa = PBXSourcesBuildPhase;
			buildActionMask = 2147483647;
			files = (
				AC9E788A23CC447E00FEF072 /* ViewController.swift in Sources */,
				AC9E788623CC447E00FEF072 /* AppDelegate.swift in Sources */,
				AC9E788823CC447E00FEF072 /* SceneDelegate.swift in Sources */,
			);
			runOnlyForDeploymentPostprocessing = 0;
		};
/* End PBXSourcesBuildPhase section */

/* Begin PBXVariantGroup section */
		AC9E788B23CC447E00FEF072 /* Main.storyboard */ = {
			isa = PBXVariantGroup;
			children = (
				AC9E788C23CC447E00FEF072 /* Base */,
			);
			name = Main.storyboard;
			sourceTree = "<group>";
		};
		AC9E789023CC447F00FEF072 /* LaunchScreen.storyboard */ = {
			isa = PBXVariantGroup;
			children = (
				AC9E789123CC447F00FEF072 /* Base */,
			);
			name = LaunchScreen.storyboard;
			sourceTree = "<group>";
		};
/* End PBXVariantGroup section */

/* Begin XCBuildConfiguration section */
		AC9E789423CC447F00FEF072 /* Debug */ = {
			isa = XCBuildConfiguration;
			buildSettings = {
				ALWAYS_SEARCH_USER_PATHS = NO;
				CLANG_ANALYZER_NONNULL = YES;
				CLANG_ANALYZER_NUMBER_OBJECT_CONVERSION = YES_AGGRESSIVE;
				CLANG_CXX_LANGUAGE_STANDARD = "gnu++14";
				CLANG_CXX_LIBRARY = "libc++";
				CLANG_ENABLE_MODULES = YES;
				CLANG_ENABLE_OBJC_ARC = YES;
				CLANG_ENABLE_OBJC_WEAK = YES;
				CLANG_WARN_BLOCK_CAPTURE_AUTORELEASING = YES;
				CLANG_WARN_BOOL_CONVERSION = YES;
				CLANG_WARN_COMMA = YES;
				CLANG_WARN_CONSTANT_CONVERSION = YES;
				CLANG_WARN_DEPRECATED_OBJC_IMPLEMENTATIONS = YES;
				CLANG_WARN_DIRECT_OBJC_ISA_USAGE = YES_ERROR;
				CLANG_WARN_DOCUMENTATION_COMMENTS = YES;
				CLANG_WARN_EMPTY_BODY = YES;
				CLANG_WARN_ENUM_CONVERSION = YES;
				CLANG_WARN_INFINITE_RECURSION = YES;
				CLANG_WARN_INT_CONVERSION = YES;
				CLANG_WARN_NON_LITERAL_NULL_CONVERSION = YES;
				CLANG_WARN_OBJC_IMPLICIT_RETAIN_SELF = YES;
				CLANG_WARN_OBJC_LITERAL_CONVERSION = YES;
				CLANG_WARN_OBJC_ROOT_CLASS = YES_ERROR;
				CLANG_WARN_RANGE_LOOP_ANALYSIS = YES;
				CLANG_WARN_STRICT_PROTOTYPES = YES;
				CLANG_WARN_SUSPICIOUS_MOVE = YES;
				CLANG_WARN_UNGUARDED_AVAILABILITY = YES_AGGRESSIVE;
				CLANG_WARN_UNREACHABLE_CODE = YES;
				CLANG_WARN__DUPLICATE_METHOD_MATCH = YES;
				COPY_PHASE_STRIP = NO;
				DEBUG_INFORMATION_FORMAT = dwarf;
				ENABLE_STRICT_OBJC_MSGSEND = YES;
				ENABLE_TESTABILITY = YES;
				GCC_C_LANGUAGE_STANDARD = gnu11;
				GCC_DYNAMIC_NO_PIC = NO;
				GCC_NO_COMMON_BLOCKS = YES;
				GCC_OPTIMIZATION_LEVEL = 0;
				GCC_PREPROCESSOR_DEFINITIONS = (
					"DEBUG=1",
					"$(inherited)",
				);
				GCC_WARN_64_TO_32_BIT_CONVERSION = YES;
				GCC_WARN_ABOUT_RETURN_TYPE = YES_ERROR;
				GCC_WARN_UNDECLARED_SELECTOR = YES;
				GCC_WARN_UNINITIALIZED_AUTOS = YES_AGGRESSIVE;
				GCC_WARN_UNUSED_FUNCTION = YES;
				GCC_WARN_UNUSED_VARIABLE = YES;
				IPHONEOS_DEPLOYMENT_TARGET = 13.2;
				MTL_ENABLE_DEBUG_INFO = INCLUDE_SOURCE;
				MTL_FAST_MATH = YES;
				ONLY_ACTIVE_ARCH = YES;
				SDKROOT = iphoneos;
				SWIFT_ACTIVE_COMPILATION_CONDITIONS = DEBUG;
				SWIFT_OPTIMIZATION_LEVEL = "-Onone";
			};
			name = Debug;
		};
		AC9E789523CC447F00FEF072 /* Release */ = {
			isa = XCBuildConfiguration;
			buildSettings = {
				ALWAYS_SEARCH_USER_PATHS = NO;
				CLANG_ANALYZER_NONNULL = YES;
				CLANG_ANALYZER_NUMBER_OBJECT_CONVERSION = YES_AGGRESSIVE;
				CLANG_CXX_LANGUAGE_STANDARD = "gnu++14";
				CLANG_CXX_LIBRARY = "libc++";
				CLANG_ENABLE_MODULES = YES;
				CLANG_ENABLE_OBJC_ARC = YES;
				CLANG_ENABLE_OBJC_WEAK = YES;
				CLANG_WARN_BLOCK_CAPTURE_AUTORELEASING = YES;
				CLANG_WARN_BOOL_CONVERSION = YES;
				CLANG_WARN_COMMA = YES;
				CLANG_WARN_CONSTANT_CONVERSION = YES;
				CLANG_WARN_DEPRECATED_OBJC_IMPLEMENTATIONS = YES;
				CLANG_WARN_DIRECT_OBJC_ISA_USAGE = YES_ERROR;
				CLANG_WARN_DOCUMENTATION_COMMENTS = YES;
				CLANG_WARN_EMPTY_BODY = YES;
				CLANG_WARN_ENUM_CONVERSION = YES;
				CLANG_WARN_INFINITE_RECURSION = YES;
				CLANG_WARN_INT_CONVERSION = YES;
				CLANG_WARN_NON_LITERAL_NULL_CONVERSION = YES;
				CLANG_WARN_OBJC_IMPLICIT_RETAIN_SELF = YES;
				CLANG_WARN_OBJC_LITERAL_CONVERSION = YES;
				CLANG_WARN_OBJC_ROOT_CLASS = YES_ERROR;
				CLANG_WARN_RANGE_LOOP_ANALYSIS = YES;
				CLANG_WARN_STRICT_PROTOTYPES = YES;
				CLANG_WARN_SUSPICIOUS_MOVE = YES;
				CLANG_WARN_UNGUARDED_AVAILABILITY = YES_AGGRESSIVE;
				CLANG_WARN_UNREACHABLE_CODE = YES;
				CLANG_WARN__DUPLICATE_METHOD_MATCH = YES;
				COPY_PHASE_STRIP = NO;
				DEBUG_INFORMATION_FORMAT = "dwarf-with-dsym";
				ENABLE_NS_ASSERTIONS = NO;
				ENABLE_STRICT_OBJC_MSGSEND = YES;
				GCC_C_LANGUAGE_STANDARD = gnu11;
				GCC_NO_COMMON_BLOCKS = YES;
				GCC_WARN_64_TO_32_BIT_CONVERSION = YES;
				GCC_WARN_ABOUT_RETURN_TYPE = YES_ERROR;
				GCC_WARN_UNDECLARED_SELECTOR = YES;
				GCC_WARN_UNINITIALIZED_AUTOS = YES_AGGRESSIVE;
				GCC_WARN_UNUSED_FUNCTION = YES;
				GCC_WARN_UNUSED_VARIABLE = YES;
				IPHONEOS_DEPLOYMENT_TARGET = 13.2;
				MTL_ENABLE_DEBUG_INFO = NO;
				MTL_FAST_MATH = YES;
				SDKROOT = iphoneos;
				SWIFT_COMPILATION_MODE = wholemodule;
				SWIFT_OPTIMIZATION_LEVEL = "-O";
				VALIDATE_PRODUCT = YES;
			};
			name = Release;
		};
		AC9E789723CC447F00FEF072 /* Debug */ = {
			isa = XCBuildConfiguration;
			buildSettings = {
				ASSETCATALOG_COMPILER_APPICON_NAME = AppIcon;
				CODE_SIGN_STYLE = Automatic;
				DEVELOPMENT_TEAM = D8Z3QRBB63;
				INFOPLIST_FILE = "[11-1]200113_UIViewAnimationPractice/Info.plist";
				LD_RUNPATH_SEARCH_PATHS = (
					"$(inherited)",
					"@executable_path/Frameworks",
				);
				PRODUCT_BUNDLE_IDENTIFIER = "com.cskim.arpeggio.-11-1-200113-UIViewAnimationPractice";
				PRODUCT_NAME = "$(TARGET_NAME)";
				SWIFT_VERSION = 5.0;
				TARGETED_DEVICE_FAMILY = "1,2";
			};
			name = Debug;
		};
		AC9E789823CC447F00FEF072 /* Release */ = {
			isa = XCBuildConfiguration;
			buildSettings = {
				ASSETCATALOG_COMPILER_APPICON_NAME = AppIcon;
				CODE_SIGN_STYLE = Automatic;
				DEVELOPMENT_TEAM = D8Z3QRBB63;
				INFOPLIST_FILE = "[11-1]200113_UIViewAnimationPractice/Info.plist";
				LD_RUNPATH_SEARCH_PATHS = (
					"$(inherited)",
					"@executable_path/Frameworks",
				);
				PRODUCT_BUNDLE_IDENTIFIER = "com.cskim.arpeggio.-11-1-200113-UIViewAnimationPractice";
				PRODUCT_NAME = "$(TARGET_NAME)";
				SWIFT_VERSION = 5.0;
				TARGETED_DEVICE_FAMILY = "1,2";
			};
			name = Release;
		};
/* End XCBuildConfiguration section */

/* Begin XCConfigurationList section */
		AC9E787D23CC447E00FEF072 /* Build configuration list for PBXProject "[11-1]200113_UIViewAnimationPractice" */ = {
			isa = XCConfigurationList;
			buildConfigurations = (
				AC9E789423CC447F00FEF072 /* Debug */,
				AC9E789523CC447F00FEF072 /* Release */,
			);
			defaultConfigurationIsVisible = 0;
			defaultConfigurationName = Release;
		};
		AC9E789623CC447F00FEF072 /* Build configuration list for PBXNativeTarget "[11-1]200113_UIViewAnimationPractice" */ = {
			isa = XCConfigurationList;
			buildConfigurations = (
				AC9E789723CC447F00FEF072 /* Debug */,
				AC9E789823CC447F00FEF072 /* Release */,
			);
			defaultConfigurationIsVisible = 0;
			defaultConfigurationName = Release;
		};
/* End XCConfigurationList section */
	};
	rootObject = AC9E787A23CC447E00FEF072 /* Project object */;
}
