// !$*UTF8*$!
{
	archiveVersion = 1;
	classes = {
	};
	objectVersion = 50;
	objects = {

/* Begin PBXBuildFile section */
		AC81E24C241F3937008CF7AD /* AppDelegate.swift in Sources */ = {isa = PBXBuildFile; fileRef = AC81E24B241F3937008CF7AD /* AppDelegate.swift */; };
		AC81E24E241F3937008CF7AD /* SceneDelegate.swift in Sources */ = {isa = PBXBuildFile; fileRef = AC81E24D241F3937008CF7AD /* SceneDelegate.swift */; };
		AC81E250241F3937008CF7AD /* ContentView.swift in Sources */ = {isa = PBXBuildFile; fileRef = AC81E24F241F3937008CF7AD /* ContentView.swift */; };
		AC81E252241F3938008CF7AD /* Assets.xcassets in Resources */ = {isa = PBXBuildFile; fileRef = AC81E251241F3938008CF7AD /* Assets.xcassets */; };
		AC81E255241F3938008CF7AD /* Preview Assets.xcassets in Resources */ = {isa = PBXBuildFile; fileRef = AC81E254241F3938008CF7AD /* Preview Assets.xcassets */; };
		AC81E258241F3938008CF7AD /* LaunchScreen.storyboard in Resources */ = {isa = PBXBuildFile; fileRef = AC81E256241F3938008CF7AD /* LaunchScreen.storyboard */; };
/* End PBXBuildFile section */

/* Begin PBXFileReference section */
		AC81E248241F3937008CF7AD /* [20-1]200316-SwiftUIExample.app */ = {isa = PBXFileReference; explicitFileType = wrapper.application; includeInIndex = 0; path = "[20-1]200316-SwiftUIExample.app"; sourceTree = BUILT_PRODUCTS_DIR; };
		AC81E24B241F3937008CF7AD /* AppDelegate.swift */ = {isa = PBXFileReference; lastKnownFileType = sourcecode.swift; path = AppDelegate.swift; sourceTree = "<group>"; };
		AC81E24D241F3937008CF7AD /* SceneDelegate.swift */ = {isa = PBXFileReference; lastKnownFileType = sourcecode.swift; path = SceneDelegate.swift; sourceTree = "<group>"; };
		AC81E24F241F3937008CF7AD /* ContentView.swift */ = {isa = PBXFileReference; lastKnownFileType = sourcecode.swift; path = ContentView.swift; sourceTree = "<group>"; };
		AC81E251241F3938008CF7AD /* Assets.xcassets */ = {isa = PBXFileReference; lastKnownFileType = folder.assetcatalog; path = Assets.xcassets; sourceTree = "<group>"; };
		AC81E254241F3938008CF7AD /* Preview Assets.xcassets */ = {isa = PBXFileReference; lastKnownFileType = folder.assetcatalog; path = "Preview Assets.xcassets"; sourceTree = "<group>"; };
		AC81E257241F3938008CF7AD /* Base */ = {isa = PBXFileReference; lastKnownFileType = file.storyboard; name = Base; path = Base.lproj/LaunchScreen.storyboard; sourceTree = "<group>"; };
		AC81E259241F3938008CF7AD /* Info.plist */ = {isa = PBXFileReference; lastKnownFileType = text.plist.xml; path = Info.plist; sourceTree = "<group>"; };
/* End PBXFileReference section */

/* Begin PBXFrameworksBuildPhase section */
		AC81E245241F3937008CF7AD /* Frameworks */ = {
			isa = PBXFrameworksBuildPhase;
			buildActionMask = 2147483647;
			files = (
			);
			runOnlyForDeploymentPostprocessing = 0;
		};
/* End PBXFrameworksBuildPhase section */

/* Begin PBXGroup section */
		AC81E23F241F3937008CF7AD = {
			isa = PBXGroup;
			children = (
				AC81E24A241F3937008CF7AD /* [20-1]200316-SwiftUIExample */,
				AC81E249241F3937008CF7AD /* Products */,
			);
			sourceTree = "<group>";
		};
		AC81E249241F3937008CF7AD /* Products */ = {
			isa = PBXGroup;
			children = (
				AC81E248241F3937008CF7AD /* [20-1]200316-SwiftUIExample.app */,
			);
			name = Products;
			sourceTree = "<group>";
		};
		AC81E24A241F3937008CF7AD /* [20-1]200316-SwiftUIExample */ = {
			isa = PBXGroup;
			children = (
				AC81E24B241F3937008CF7AD /* AppDelegate.swift */,
				AC81E24D241F3937008CF7AD /* SceneDelegate.swift */,
				AC81E24F241F3937008CF7AD /* ContentView.swift */,
				AC81E251241F3938008CF7AD /* Assets.xcassets */,
				AC81E256241F3938008CF7AD /* LaunchScreen.storyboard */,
				AC81E259241F3938008CF7AD /* Info.plist */,
				AC81E253241F3938008CF7AD /* Preview Content */,
			);
			path = "[20-1]200316-SwiftUIExample";
			sourceTree = "<group>";
		};
		AC81E253241F3938008CF7AD /* Preview Content */ = {
			isa = PBXGroup;
			children = (
				AC81E254241F3938008CF7AD /* Preview Assets.xcassets */,
			);
			path = "Preview Content";
			sourceTree = "<group>";
		};
/* End PBXGroup section */

/* Begin PBXNativeTarget section */
		AC81E247241F3937008CF7AD /* [20-1]200316-SwiftUIExample */ = {
			isa = PBXNativeTarget;
			buildConfigurationList = AC81E25C241F3938008CF7AD /* Build configuration list for PBXNativeTarget "[20-1]200316-SwiftUIExample" */;
			buildPhases = (
				AC81E244241F3937008CF7AD /* Sources */,
				AC81E245241F3937008CF7AD /* Frameworks */,
				AC81E246241F3937008CF7AD /* Resources */,
			);
			buildRules = (
			);
			dependencies = (
			);
			name = "[20-1]200316-SwiftUIExample";
			productName = "[20-1]200316-SwiftUIExample";
			productReference = AC81E248241F3937008CF7AD /* [20-1]200316-SwiftUIExample.app */;
			productType = "com.apple.product-type.application";
		};
/* End PBXNativeTarget section */

/* Begin PBXProject section */
		AC81E240241F3937008CF7AD /* Project object */ = {
			isa = PBXProject;
			attributes = {
				LastSwiftUpdateCheck = 1130;
				LastUpgradeCheck = 1130;
				ORGANIZATIONNAME = cskim;
				TargetAttributes = {
					AC81E247241F3937008CF7AD = {
						CreatedOnToolsVersion = 11.3.1;
					};
				};
			};
			buildConfigurationList = AC81E243241F3937008CF7AD /* Build configuration list for PBXProject "[20-1]200316-SwiftUIExample" */;
			compatibilityVersion = "Xcode 9.3";
			developmentRegion = en;
			hasScannedForEncodings = 0;
			knownRegions = (
				en,
				Base,
			);
			mainGroup = AC81E23F241F3937008CF7AD;
			productRefGroup = AC81E249241F3937008CF7AD /* Products */;
			projectDirPath = "";
			projectRoot = "";
			targets = (
				AC81E247241F3937008CF7AD /* [20-1]200316-SwiftUIExample */,
			);
		};
/* End PBXProject section */

/* Begin PBXResourcesBuildPhase section */
		AC81E246241F3937008CF7AD /* Resources */ = {
			isa = PBXResourcesBuildPhase;
			buildActionMask = 2147483647;
			files = (
				AC81E258241F3938008CF7AD /* LaunchScreen.storyboard in Resources */,
				AC81E255241F3938008CF7AD /* Preview Assets.xcassets in Resources */,
				AC81E252241F3938008CF7AD /* Assets.xcassets in Resources */,
			);
			runOnlyForDeploymentPostprocessing = 0;
		};
/* End PBXResourcesBuildPhase section */

/* Begin PBXSourcesBuildPhase section */
		AC81E244241F3937008CF7AD /* Sources */ = {
			isa = PBXSourcesBuildPhase;
			buildActionMask = 2147483647;
			files = (
				AC81E24C241F3937008CF7AD /* AppDelegate.swift in Sources */,
				AC81E24E241F3937008CF7AD /* SceneDelegate.swift in Sources */,
				AC81E250241F3937008CF7AD /* ContentView.swift in Sources */,
			);
			runOnlyForDeploymentPostprocessing = 0;
		};
/* End PBXSourcesBuildPhase section */

/* Begin PBXVariantGroup section */
		AC81E256241F3938008CF7AD /* LaunchScreen.storyboard */ = {
			isa = PBXVariantGroup;
			children = (
				AC81E257241F3938008CF7AD /* Base */,
			);
			name = LaunchScreen.storyboard;
			sourceTree = "<group>";
		};
/* End PBXVariantGroup section */

/* Begin XCBuildConfiguration section */
		AC81E25A241F3938008CF7AD /* Debug */ = {
			isa = XCBuildConfiguration;
			buildSettings = {
				ALWAYS_SEARCH_USER_PATHS = NO;
				CLANG_ANALYZER_NONNULL = YES;
				CLANG_ANALYZER_NUMBER_OBJECT_CONVERSION = YES_AGGRESSIVE;
				CLANG_CXX_LANGUAGE_STANDARD = "gnu++14";
				CLANG_CXX_LIBRARY = "libc++";
				CLANG_ENABLE_MODULES = YES;
				CLANG_ENABLE_OBJC_ARC = YES;
				CLANG_ENABLE_OBJC_WEAK = YES;
				CLANG_WARN_BLOCK_CAPTURE_AUTORELEASING = YES;
				CLANG_WARN_BOOL_CONVERSION = YES;
				CLANG_WARN_COMMA = YES;
				CLANG_WARN_CONSTANT_CONVERSION = YES;
				CLANG_WARN_DEPRECATED_OBJC_IMPLEMENTATIONS = YES;
				CLANG_WARN_DIRECT_OBJC_ISA_USAGE = YES_ERROR;
				CLANG_WARN_DOCUMENTATION_COMMENTS = YES;
				CLANG_WARN_EMPTY_BODY = YES;
				CLANG_WARN_ENUM_CONVERSION = YES;
				CLANG_WARN_INFINITE_RECURSION = YES;
				CLANG_WARN_INT_CONVERSION = YES;
				CLANG_WARN_NON_LITERAL_NULL_CONVERSION = YES;
				CLANG_WARN_OBJC_IMPLICIT_RETAIN_SELF = YES;
				CLANG_WARN_OBJC_LITERAL_CONVERSION = YES;
				CLANG_WARN_OBJC_ROOT_CLASS = YES_ERROR;
				CLANG_WARN_RANGE_LOOP_ANALYSIS = YES;
				CLANG_WARN_STRICT_PROTOTYPES = YES;
				CLANG_WARN_SUSPICIOUS_MOVE = YES;
				CLANG_WARN_UNGUARDED_AVAILABILITY = YES_AGGRESSIVE;
				CLANG_WARN_UNREACHABLE_CODE = YES;
				CLANG_WARN__DUPLICATE_METHOD_MATCH = YES;
				COPY_PHASE_STRIP = NO;
				DEBUG_INFORMATION_FORMAT = dwarf;
				ENABLE_STRICT_OBJC_MSGSEND = YES;
				ENABLE_TESTABILITY = YES;
				GCC_C_LANGUAGE_STANDARD = gnu11;
				GCC_DYNAMIC_NO_PIC = NO;
				GCC_NO_COMMON_BLOCKS = YES;
				GCC_OPTIMIZATION_LEVEL = 0;
				GCC_PREPROCESSOR_DEFINITIONS = (
					"DEBUG=1",
					"$(inherited)",
				);
				GCC_WARN_64_TO_32_BIT_CONVERSION = YES;
				GCC_WARN_ABOUT_RETURN_TYPE = YES_ERROR;
				GCC_WARN_UNDECLARED_SELECTOR = YES;
				GCC_WARN_UNINITIALIZED_AUTOS = YES_AGGRESSIVE;
				GCC_WARN_UNUSED_FUNCTION = YES;
				GCC_WARN_UNUSED_VARIABLE = YES;
				IPHONEOS_DEPLOYMENT_TARGET = 13.2;
				MTL_ENABLE_DEBUG_INFO = INCLUDE_SOURCE;
				MTL_FAST_MATH = YES;
				ONLY_ACTIVE_ARCH = YES;
				SDKROOT = iphoneos;
				SWIFT_ACTIVE_COMPILATION_CONDITIONS = DEBUG;
				SWIFT_OPTIMIZATION_LEVEL = "-Onone";
			};
			name = Debug;
		};
		AC81E25B241F3938008CF7AD /* Release */ = {
			isa = XCBuildConfiguration;
			buildSettings = {
				ALWAYS_SEARCH_USER_PATHS = NO;
				CLANG_ANALYZER_NONNULL = YES;
				CLANG_ANALYZER_NUMBER_OBJECT_CONVERSION = YES_AGGRESSIVE;
				CLANG_CXX_LANGUAGE_STANDARD = "gnu++14";
				CLANG_CXX_LIBRARY = "libc++";
				CLANG_ENABLE_MODULES = YES;
				CLANG_ENABLE_OBJC_ARC = YES;
				CLANG_ENABLE_OBJC_WEAK = YES;
				CLANG_WARN_BLOCK_CAPTURE_AUTORELEASING = YES;
				CLANG_WARN_BOOL_CONVERSION = YES;
				CLANG_WARN_COMMA = YES;
				CLANG_WARN_CONSTANT_CONVERSION = YES;
				CLANG_WARN_DEPRECATED_OBJC_IMPLEMENTATIONS = YES;
				CLANG_WARN_DIRECT_OBJC_ISA_USAGE = YES_ERROR;
				CLANG_WARN_DOCUMENTATION_COMMENTS = YES;
				CLANG_WARN_EMPTY_BODY = YES;
				CLANG_WARN_ENUM_CONVERSION = YES;
				CLANG_WARN_INFINITE_RECURSION = YES;
				CLANG_WARN_INT_CONVERSION = YES;
				CLANG_WARN_NON_LITERAL_NULL_CONVERSION = YES;
				CLANG_WARN_OBJC_IMPLICIT_RETAIN_SELF = YES;
				CLANG_WARN_OBJC_LITERAL_CONVERSION = YES;
				CLANG_WARN_OBJC_ROOT_CLASS = YES_ERROR;
				CLANG_WARN_RANGE_LOOP_ANALYSIS = YES;
				CLANG_WARN_STRICT_PROTOTYPES = YES;
				CLANG_WARN_SUSPICIOUS_MOVE = YES;
				CLANG_WARN_UNGUARDED_AVAILABILITY = YES_AGGRESSIVE;
				CLANG_WARN_UNREACHABLE_CODE = YES;
				CLANG_WARN__DUPLICATE_METHOD_MATCH = YES;
				COPY_PHASE_STRIP = NO;
				DEBUG_INFORMATION_FORMAT = "dwarf-with-dsym";
				ENABLE_NS_ASSERTIONS = NO;
				ENABLE_STRICT_OBJC_MSGSEND = YES;
				GCC_C_LANGUAGE_STANDARD = gnu11;
				GCC_NO_COMMON_BLOCKS = YES;
				GCC_WARN_64_TO_32_BIT_CONVERSION = YES;
				GCC_WARN_ABOUT_RETURN_TYPE = YES_ERROR;
				GCC_WARN_UNDECLARED_SELECTOR = YES;
				GCC_WARN_UNINITIALIZED_AUTOS = YES_AGGRESSIVE;
				GCC_WARN_UNUSED_FUNCTION = YES;
				GCC_WARN_UNUSED_VARIABLE = YES;
				IPHONEOS_DEPLOYMENT_TARGET = 13.2;
				MTL_ENABLE_DEBUG_INFO = NO;
				MTL_FAST_MATH = YES;
				SDKROOT = iphoneos;
				SWIFT_COMPILATION_MODE = wholemodule;
				SWIFT_OPTIMIZATION_LEVEL = "-O";
				VALIDATE_PRODUCT = YES;
			};
			name = Release;
		};
		AC81E25D241F3938008CF7AD /* Debug */ = {
			isa = XCBuildConfiguration;
			buildSettings = {
				ASSETCATALOG_COMPILER_APPICON_NAME = AppIcon;
				CODE_SIGN_STYLE = Automatic;
				DEVELOPMENT_ASSET_PATHS = "\"[20-1]200316-SwiftUIExample/Preview Content\"";
				DEVELOPMENT_TEAM = G4MM77V7NH;
				ENABLE_PREVIEWS = YES;
				INFOPLIST_FILE = "[20-1]200316-SwiftUIExample/Info.plist";
				LD_RUNPATH_SEARCH_PATHS = (
					"$(inherited)",
					"@executable_path/Frameworks",
				);
				PRODUCT_BUNDLE_IDENTIFIER = "com.cskim.example.-20-1-200316-SwiftUIExample";
				PRODUCT_NAME = "$(TARGET_NAME)";
				SWIFT_VERSION = 5.0;
				TARGETED_DEVICE_FAMILY = "1,2";
			};
			name = Debug;
		};
		AC81E25E241F3938008CF7AD /* Release */ = {
			isa = XCBuildConfiguration;
			buildSettings = {
				ASSETCATALOG_COMPILER_APPICON_NAME = AppIcon;
				CODE_SIGN_STYLE = Automatic;
				DEVELOPMENT_ASSET_PATHS = "\"[20-1]200316-SwiftUIExample/Preview Content\"";
				DEVELOPMENT_TEAM = G4MM77V7NH;
				ENABLE_PREVIEWS = YES;
				INFOPLIST_FILE = "[20-1]200316-SwiftUIExample/Info.plist";
				LD_RUNPATH_SEARCH_PATHS = (
					"$(inherited)",
					"@executable_path/Frameworks",
				);
				PRODUCT_BUNDLE_IDENTIFIER = "com.cskim.example.-20-1-200316-SwiftUIExample";
				PRODUCT_NAME = "$(TARGET_NAME)";
				SWIFT_VERSION = 5.0;
				TARGETED_DEVICE_FAMILY = "1,2";
			};
			name = Release;
		};
/* End XCBuildConfiguration section */

/* Begin XCConfigurationList section */
		AC81E243241F3937008CF7AD /* Build configuration list for PBXProject "[20-1]200316-SwiftUIExample" */ = {
			isa = XCConfigurationList;
			buildConfigurations = (
				AC81E25A241F3938008CF7AD /* Debug */,
				AC81E25B241F3938008CF7AD /* Release */,
			);
			defaultConfigurationIsVisible = 0;
			defaultConfigurationName = Release;
		};
		AC81E25C241F3938008CF7AD /* Build configuration list for PBXNativeTarget "[20-1]200316-SwiftUIExample" */ = {
			isa = XCConfigurationList;
			buildConfigurations = (
				AC81E25D241F3938008CF7AD /* Debug */,
				AC81E25E241F3938008CF7AD /* Release */,
			);
			defaultConfigurationIsVisible = 0;
			defaultConfigurationName = Release;
		};
/* End XCConfigurationList section */
	};
	rootObject = AC81E240241F3937008CF7AD /* Project object */;
}
