// !$*UTF8*$!
{
	archiveVersion = 1;
	classes = {
	};
	objectVersion = 50;
	objects = {

/* Begin PBXBuildFile section */
		ACD4FEB723FE576300D6ED22 /* AppDelegate.swift in Sources */ = {isa = PBXBuildFile; fileRef = ACD4FEB623FE576300D6ED22 /* AppDelegate.swift */; };
		ACD4FEB923FE576300D6ED22 /* SceneDelegate.swift in Sources */ = {isa = PBXBuildFile; fileRef = ACD4FEB823FE576300D6ED22 /* SceneDelegate.swift */; };
		ACD4FEBB23FE576300D6ED22 /* ViewController.swift in Sources */ = {isa = PBXBuildFile; fileRef = ACD4FEBA23FE576300D6ED22 /* ViewController.swift */; };
		ACD4FEBE23FE576300D6ED22 /* Main.storyboard in Resources */ = {isa = PBXBuildFile; fileRef = ACD4FEBC23FE576300D6ED22 /* Main.storyboard */; };
		ACD4FEC023FE576500D6ED22 /* Assets.xcassets in Resources */ = {isa = PBXBuildFile; fileRef = ACD4FEBF23FE576500D6ED22 /* Assets.xcassets */; };
		ACD4FEC323FE576500D6ED22 /* LaunchScreen.storyboard in Resources */ = {isa = PBXBuildFile; fileRef = ACD4FEC123FE576500D6ED22 /* LaunchScreen.storyboard */; };
		ACD4FECC23FE5BFB00D6ED22 /* SnapKit.framework in Frameworks */ = {isa = PBXBuildFile; fileRef = ACD4FECB23FE5BFB00D6ED22 /* SnapKit.framework */; };
/* End PBXBuildFile section */

/* Begin PBXFileReference section */
		ACD4FEB323FE576300D6ED22 /* carthageExample.app */ = {isa = PBXFileReference; explicitFileType = wrapper.application; includeInIndex = 0; path = carthageExample.app; sourceTree = BUILT_PRODUCTS_DIR; };
		ACD4FEB623FE576300D6ED22 /* AppDelegate.swift */ = {isa = PBXFileReference; lastKnownFileType = sourcecode.swift; path = AppDelegate.swift; sourceTree = "<group>"; };
		ACD4FEB823FE576300D6ED22 /* SceneDelegate.swift */ = {isa = PBXFileReference; lastKnownFileType = sourcecode.swift; path = SceneDelegate.swift; sourceTree = "<group>"; };
		ACD4FEBA23FE576300D6ED22 /* ViewController.swift */ = {isa = PBXFileReference; lastKnownFileType = sourcecode.swift; path = ViewController.swift; sourceTree = "<group>"; };
		ACD4FEBD23FE576300D6ED22 /* Base */ = {isa = PBXFileReference; lastKnownFileType = file.storyboard; name = Base; path = Base.lproj/Main.storyboard; sourceTree = "<group>"; };
		ACD4FEBF23FE576500D6ED22 /* Assets.xcassets */ = {isa = PBXFileReference; lastKnownFileType = folder.assetcatalog; path = Assets.xcassets; sourceTree = "<group>"; };
		ACD4FEC223FE576500D6ED22 /* Base */ = {isa = PBXFileReference; lastKnownFileType = file.storyboard; name = Base; path = Base.lproj/LaunchScreen.storyboard; sourceTree = "<group>"; };
		ACD4FEC423FE576500D6ED22 /* Info.plist */ = {isa = PBXFileReference; lastKnownFileType = text.plist.xml; path = Info.plist; sourceTree = "<group>"; };
		ACD4FECB23FE5BFB00D6ED22 /* SnapKit.framework */ = {isa = PBXFileReference; lastKnownFileType = wrapper.framework; name = SnapKit.framework; path = Carthage/Build/iOS/SnapKit.framework; sourceTree = "<group>"; };
/* End PBXFileReference section */

/* Begin PBXFrameworksBuildPhase section */
		ACD4FEB023FE576300D6ED22 /* Frameworks */ = {
			isa = PBXFrameworksBuildPhase;
			buildActionMask = 2147483647;
			files = (
				ACD4FECC23FE5BFB00D6ED22 /* SnapKit.framework in Frameworks */,
			);
			runOnlyForDeploymentPostprocessing = 0;
		};
/* End PBXFrameworksBuildPhase section */

/* Begin PBXGroup section */
		ACD4FEAA23FE576300D6ED22 = {
			isa = PBXGroup;
			children = (
				ACD4FEB523FE576300D6ED22 /* carthageExample */,
				ACD4FEB423FE576300D6ED22 /* Products */,
				ACD4FECA23FE5BFB00D6ED22 /* Frameworks */,
			);
			sourceTree = "<group>";
		};
		ACD4FEB423FE576300D6ED22 /* Products */ = {
			isa = PBXGroup;
			children = (
				ACD4FEB323FE576300D6ED22 /* carthageExample.app */,
			);
			name = Products;
			sourceTree = "<group>";
		};
		ACD4FEB523FE576300D6ED22 /* carthageExample */ = {
			isa = PBXGroup;
			children = (
				ACD4FEB623FE576300D6ED22 /* AppDelegate.swift */,
				ACD4FEB823FE576300D6ED22 /* SceneDelegate.swift */,
				ACD4FEBA23FE576300D6ED22 /* ViewController.swift */,
				ACD4FEBC23FE576300D6ED22 /* Main.storyboard */,
				ACD4FEBF23FE576500D6ED22 /* Assets.xcassets */,
				ACD4FEC123FE576500D6ED22 /* LaunchScreen.storyboard */,
				ACD4FEC423FE576500D6ED22 /* Info.plist */,
			);
			path = carthageExample;
			sourceTree = "<group>";
		};
		ACD4FECA23FE5BFB00D6ED22 /* Frameworks */ = {
			isa = PBXGroup;
			children = (
				ACD4FECB23FE5BFB00D6ED22 /* SnapKit.framework */,
			);
			name = Frameworks;
			sourceTree = "<group>";
		};
/* End PBXGroup section */

/* Begin PBXNativeTarget section */
		ACD4FEB223FE576300D6ED22 /* carthageExample */ = {
			isa = PBXNativeTarget;
			buildConfigurationList = ACD4FEC723FE576500D6ED22 /* Build configuration list for PBXNativeTarget "carthageExample" */;
			buildPhases = (
				ACD4FEAF23FE576300D6ED22 /* Sources */,
				ACD4FEB023FE576300D6ED22 /* Frameworks */,
				ACD4FEB123FE576300D6ED22 /* Resources */,
				ACD4FECD23FE5C2500D6ED22 /* ShellScript */,
			);
			buildRules = (
			);
			dependencies = (
			);
			name = carthageExample;
			productName = carthageExample;
			productReference = ACD4FEB323FE576300D6ED22 /* carthageExample.app */;
			productType = "com.apple.product-type.application";
		};
/* End PBXNativeTarget section */

/* Begin PBXProject section */
		ACD4FEAB23FE576300D6ED22 /* Project object */ = {
			isa = PBXProject;
			attributes = {
				LastSwiftUpdateCheck = 1130;
				LastUpgradeCheck = 1130;
				ORGANIZATIONNAME = cskim;
				TargetAttributes = {
					ACD4FEB223FE576300D6ED22 = {
						CreatedOnToolsVersion = 11.3.1;
					};
				};
			};
			buildConfigurationList = ACD4FEAE23FE576300D6ED22 /* Build configuration list for PBXProject "carthageExample" */;
			compatibilityVersion = "Xcode 9.3";
			developmentRegion = en;
			hasScannedForEncodings = 0;
			knownRegions = (
				en,
				Base,
			);
			mainGroup = ACD4FEAA23FE576300D6ED22;
			productRefGroup = ACD4FEB423FE576300D6ED22 /* Products */;
			projectDirPath = "";
			projectRoot = "";
			targets = (
				ACD4FEB223FE576300D6ED22 /* carthageExample */,
			);
		};
/* End PBXProject section */

/* Begin PBXResourcesBuildPhase section */
		ACD4FEB123FE576300D6ED22 /* Resources */ = {
			isa = PBXResourcesBuildPhase;
			buildActionMask = 2147483647;
			files = (
				ACD4FEC323FE576500D6ED22 /* LaunchScreen.storyboard in Resources */,
				ACD4FEC023FE576500D6ED22 /* Assets.xcassets in Resources */,
				ACD4FEBE23FE576300D6ED22 /* Main.storyboard in Resources */,
			);
			runOnlyForDeploymentPostprocessing = 0;
		};
/* End PBXResourcesBuildPhase section */

/* Begin PBXShellScriptBuildPhase section */
		ACD4FECD23FE5C2500D6ED22 /* ShellScript */ = {
			isa = PBXShellScriptBuildPhase;
			buildActionMask = 2147483647;
			files = (
			);
			inputFileListPaths = (
			);
			inputPaths = (
				"$(SRCROOT)/Carthage/Build/iOS/SnapKit.framework",
			);
			outputFileListPaths = (
			);
			outputPaths = (
			);
			runOnlyForDeploymentPostprocessing = 0;
			shellPath = /bin/sh;
			shellScript = "/usr/local/bin/carthage copy-frameworks\n";
		};
/* End PBXShellScriptBuildPhase section */

/* Begin PBXSourcesBuildPhase section */
		ACD4FEAF23FE576300D6ED22 /* Sources */ = {
			isa = PBXSourcesBuildPhase;
			buildActionMask = 2147483647;
			files = (
				ACD4FEBB23FE576300D6ED22 /* ViewController.swift in Sources */,
				ACD4FEB723FE576300D6ED22 /* AppDelegate.swift in Sources */,
				ACD4FEB923FE576300D6ED22 /* SceneDelegate.swift in Sources */,
			);
			runOnlyForDeploymentPostprocessing = 0;
		};
/* End PBXSourcesBuildPhase section */

/* Begin PBXVariantGroup section */
		ACD4FEBC23FE576300D6ED22 /* Main.storyboard */ = {
			isa = PBXVariantGroup;
			children = (
				ACD4FEBD23FE576300D6ED22 /* Base */,
			);
			name = Main.storyboard;
			sourceTree = "<group>";
		};
		ACD4FEC123FE576500D6ED22 /* LaunchScreen.storyboard */ = {
			isa = PBXVariantGroup;
			children = (
				ACD4FEC223FE576500D6ED22 /* Base */,
			);
			name = LaunchScreen.storyboard;
			sourceTree = "<group>";
		};
/* End PBXVariantGroup section */

/* Begin XCBuildConfiguration section */
		ACD4FEC523FE576500D6ED22 /* Debug */ = {
			isa = XCBuildConfiguration;
			buildSettings = {
				ALWAYS_SEARCH_USER_PATHS = NO;
				CLANG_ANALYZER_NONNULL = YES;
				CLANG_ANALYZER_NUMBER_OBJECT_CONVERSION = YES_AGGRESSIVE;
				CLANG_CXX_LANGUAGE_STANDARD = "gnu++14";
				CLANG_CXX_LIBRARY = "libc++";
				CLANG_ENABLE_MODULES = YES;
				CLANG_ENABLE_OBJC_ARC = YES;
				CLANG_ENABLE_OBJC_WEAK = YES;
				CLANG_WARN_BLOCK_CAPTURE_AUTORELEASING = YES;
				CLANG_WARN_BOOL_CONVERSION = YES;
				CLANG_WARN_COMMA = YES;
				CLANG_WARN_CONSTANT_CONVERSION = YES;
				CLANG_WARN_DEPRECATED_OBJC_IMPLEMENTATIONS = YES;
				CLANG_WARN_DIRECT_OBJC_ISA_USAGE = YES_ERROR;
				CLANG_WARN_DOCUMENTATION_COMMENTS = YES;
				CLANG_WARN_EMPTY_BODY = YES;
				CLANG_WARN_ENUM_CONVERSION = YES;
				CLANG_WARN_INFINITE_RECURSION = YES;
				CLANG_WARN_INT_CONVERSION = YES;
				CLANG_WARN_NON_LITERAL_NULL_CONVERSION = YES;
				CLANG_WARN_OBJC_IMPLICIT_RETAIN_SELF = YES;
				CLANG_WARN_OBJC_LITERAL_CONVERSION = YES;
				CLANG_WARN_OBJC_ROOT_CLASS = YES_ERROR;
				CLANG_WARN_RANGE_LOOP_ANALYSIS = YES;
				CLANG_WARN_STRICT_PROTOTYPES = YES;
				CLANG_WARN_SUSPICIOUS_MOVE = YES;
				CLANG_WARN_UNGUARDED_AVAILABILITY = YES_AGGRESSIVE;
				CLANG_WARN_UNREACHABLE_CODE = YES;
				CLANG_WARN__DUPLICATE_METHOD_MATCH = YES;
				COPY_PHASE_STRIP = NO;
				DEBUG_INFORMATION_FORMAT = dwarf;
				ENABLE_STRICT_OBJC_MSGSEND = YES;
				ENABLE_TESTABILITY = YES;
				GCC_C_LANGUAGE_STANDARD = gnu11;
				GCC_DYNAMIC_NO_PIC = NO;
				GCC_NO_COMMON_BLOCKS = YES;
				GCC_OPTIMIZATION_LEVEL = 0;
				GCC_PREPROCESSOR_DEFINITIONS = (
					"DEBUG=1",
					"$(inherited)",
				);
				GCC_WARN_64_TO_32_BIT_CONVERSION = YES;
				GCC_WARN_ABOUT_RETURN_TYPE = YES_ERROR;
				GCC_WARN_UNDECLARED_SELECTOR = YES;
				GCC_WARN_UNINITIALIZED_AUTOS = YES_AGGRESSIVE;
				GCC_WARN_UNUSED_FUNCTION = YES;
				GCC_WARN_UNUSED_VARIABLE = YES;
				IPHONEOS_DEPLOYMENT_TARGET = 13.2;
				MTL_ENABLE_DEBUG_INFO = INCLUDE_SOURCE;
				MTL_FAST_MATH = YES;
				ONLY_ACTIVE_ARCH = YES;
				SDKROOT = iphoneos;
				SWIFT_ACTIVE_COMPILATION_CONDITIONS = DEBUG;
				SWIFT_OPTIMIZATION_LEVEL = "-Onone";
			};
			name = Debug;
		};
		ACD4FEC623FE576500D6ED22 /* Release */ = {
			isa = XCBuildConfiguration;
			buildSettings = {
				ALWAYS_SEARCH_USER_PATHS = NO;
				CLANG_ANALYZER_NONNULL = YES;
				CLANG_ANALYZER_NUMBER_OBJECT_CONVERSION = YES_AGGRESSIVE;
				CLANG_CXX_LANGUAGE_STANDARD = "gnu++14";
				CLANG_CXX_LIBRARY = "libc++";
				CLANG_ENABLE_MODULES = YES;
				CLANG_ENABLE_OBJC_ARC = YES;
				CLANG_ENABLE_OBJC_WEAK = YES;
				CLANG_WARN_BLOCK_CAPTURE_AUTORELEASING = YES;
				CLANG_WARN_BOOL_CONVERSION = YES;
				CLANG_WARN_COMMA = YES;
				CLANG_WARN_CONSTANT_CONVERSION = YES;
				CLANG_WARN_DEPRECATED_OBJC_IMPLEMENTATIONS = YES;
				CLANG_WARN_DIRECT_OBJC_ISA_USAGE = YES_ERROR;
				CLANG_WARN_DOCUMENTATION_COMMENTS = YES;
				CLANG_WARN_EMPTY_BODY = YES;
				CLANG_WARN_ENUM_CONVERSION = YES;
				CLANG_WARN_INFINITE_RECURSION = YES;
				CLANG_WARN_INT_CONVERSION = YES;
				CLANG_WARN_NON_LITERAL_NULL_CONVERSION = YES;
				CLANG_WARN_OBJC_IMPLICIT_RETAIN_SELF = YES;
				CLANG_WARN_OBJC_LITERAL_CONVERSION = YES;
				CLANG_WARN_OBJC_ROOT_CLASS = YES_ERROR;
				CLANG_WARN_RANGE_LOOP_ANALYSIS = YES;
				CLANG_WARN_STRICT_PROTOTYPES = YES;
				CLANG_WARN_SUSPICIOUS_MOVE = YES;
				CLANG_WARN_UNGUARDED_AVAILABILITY = YES_AGGRESSIVE;
				CLANG_WARN_UNREACHABLE_CODE = YES;
				CLANG_WARN__DUPLICATE_METHOD_MATCH = YES;
				COPY_PHASE_STRIP = NO;
				DEBUG_INFORMATION_FORMAT = "dwarf-with-dsym";
				ENABLE_NS_ASSERTIONS = NO;
				ENABLE_STRICT_OBJC_MSGSEND = YES;
				GCC_C_LANGUAGE_STANDARD = gnu11;
				GCC_NO_COMMON_BLOCKS = YES;
				GCC_WARN_64_TO_32_BIT_CONVERSION = YES;
				GCC_WARN_ABOUT_RETURN_TYPE = YES_ERROR;
				GCC_WARN_UNDECLARED_SELECTOR = YES;
				GCC_WARN_UNINITIALIZED_AUTOS = YES_AGGRESSIVE;
				GCC_WARN_UNUSED_FUNCTION = YES;
				GCC_WARN_UNUSED_VARIABLE = YES;
				IPHONEOS_DEPLOYMENT_TARGET = 13.2;
				MTL_ENABLE_DEBUG_INFO = NO;
				MTL_FAST_MATH = YES;
				SDKROOT = iphoneos;
				SWIFT_COMPILATION_MODE = wholemodule;
				SWIFT_OPTIMIZATION_LEVEL = "-O";
				VALIDATE_PRODUCT = YES;
			};
			name = Release;
		};
		ACD4FEC823FE576500D6ED22 /* Debug */ = {
			isa = XCBuildConfiguration;
			buildSettings = {
				ASSETCATALOG_COMPILER_APPICON_NAME = AppIcon;
				CODE_SIGN_STYLE = Automatic;
				DEVELOPMENT_TEAM = D8Z3QRBB63;
				FRAMEWORK_SEARCH_PATHS = (
					"$(inherited)",
					"$(PROJECT_DIR)/Carthage/Build/iOS",
				);
				INFOPLIST_FILE = carthageExample/Info.plist;
				LD_RUNPATH_SEARCH_PATHS = (
					"$(inherited)",
					"@executable_path/Frameworks",
				);
				PRODUCT_BUNDLE_IDENTIFIER = com.cskim.carthageExample;
				PRODUCT_NAME = "$(TARGET_NAME)";
				SWIFT_VERSION = 5.0;
				TARGETED_DEVICE_FAMILY = "1,2";
			};
			name = Debug;
		};
		ACD4FEC923FE576500D6ED22 /* Release */ = {
			isa = XCBuildConfiguration;
			buildSettings = {
				ASSETCATALOG_COMPILER_APPICON_NAME = AppIcon;
				CODE_SIGN_STYLE = Automatic;
				DEVELOPMENT_TEAM = D8Z3QRBB63;
				FRAMEWORK_SEARCH_PATHS = (
					"$(inherited)",
					"$(PROJECT_DIR)/Carthage/Build/iOS",
				);
				INFOPLIST_FILE = carthageExample/Info.plist;
				LD_RUNPATH_SEARCH_PATHS = (
					"$(inherited)",
					"@executable_path/Frameworks",
				);
				PRODUCT_BUNDLE_IDENTIFIER = com.cskim.carthageExample;
				PRODUCT_NAME = "$(TARGET_NAME)";
				SWIFT_VERSION = 5.0;
				TARGETED_DEVICE_FAMILY = "1,2";
			};
			name = Release;
		};
/* End XCBuildConfiguration section */

/* Begin XCConfigurationList section */
		ACD4FEAE23FE576300D6ED22 /* Build configuration list for PBXProject "carthageExample" */ = {
			isa = XCConfigurationList;
			buildConfigurations = (
				ACD4FEC523FE576500D6ED22 /* Debug */,
				ACD4FEC623FE576500D6ED22 /* Release */,
			);
			defaultConfigurationIsVisible = 0;
			defaultConfigurationName = Release;
		};
		ACD4FEC723FE576500D6ED22 /* Build configuration list for PBXNativeTarget "carthageExample" */ = {
			isa = XCConfigurationList;
			buildConfigurations = (
				ACD4FEC823FE576500D6ED22 /* Debug */,
				ACD4FEC923FE576500D6ED22 /* Release */,
			);
			defaultConfigurationIsVisible = 0;
			defaultConfigurationName = Release;
		};
/* End XCConfigurationList section */
	};
	rootObject = ACD4FEAB23FE576300D6ED22 /* Project object */;
}
