// !$*UTF8*$!
{
	archiveVersion = 1;
	classes = {
	};
	objectVersion = 50;
	objects = {

/* Begin PBXBuildFile section */
		693F7CC4178ABD2BABA14600 /* Pods_CocoaPodsExample.framework in Frameworks */ = {isa = PBXBuildFile; fileRef = 81B16EEB23E72419B9B076D5 /* Pods_CocoaPodsExample.framework */; };
		ACD4FE9723FE420200D6ED22 /* AppDelegate.swift in Sources */ = {isa = PBXBuildFile; fileRef = ACD4FE9623FE420200D6ED22 /* AppDelegate.swift */; };
		ACD4FE9923FE420200D6ED22 /* SceneDelegate.swift in Sources */ = {isa = PBXBuildFile; fileRef = ACD4FE9823FE420200D6ED22 /* SceneDelegate.swift */; };
		ACD4FE9B23FE420200D6ED22 /* ViewController.swift in Sources */ = {isa = PBXBuildFile; fileRef = ACD4FE9A23FE420200D6ED22 /* ViewController.swift */; };
		ACD4FE9E23FE420200D6ED22 /* Main.storyboard in Resources */ = {isa = PBXBuildFile; fileRef = ACD4FE9C23FE420200D6ED22 /* Main.storyboard */; };
		ACD4FEA023FE420400D6ED22 /* Assets.xcassets in Resources */ = {isa = PBXBuildFile; fileRef = ACD4FE9F23FE420400D6ED22 /* Assets.xcassets */; };
		ACD4FEA323FE420400D6ED22 /* LaunchScreen.storyboard in Resources */ = {isa = PBXBuildFile; fileRef = ACD4FEA123FE420400D6ED22 /* LaunchScreen.storyboard */; };
/* End PBXBuildFile section */

/* Begin PBXFileReference section */
		16BBEEE8992FC317899C86FF /* Pods-CocoaPodsExample.debug.xcconfig */ = {isa = PBXFileReference; includeInIndex = 1; lastKnownFileType = text.xcconfig; name = "Pods-CocoaPodsExample.debug.xcconfig"; path = "Target Support Files/Pods-CocoaPodsExample/Pods-CocoaPodsExample.debug.xcconfig"; sourceTree = "<group>"; };
		2DA5F1A56E8BEB79B5C42DAA /* Pods-CocoaPodsExample.release.xcconfig */ = {isa = PBXFileReference; includeInIndex = 1; lastKnownFileType = text.xcconfig; name = "Pods-CocoaPodsExample.release.xcconfig"; path = "Target Support Files/Pods-CocoaPodsExample/Pods-CocoaPodsExample.release.xcconfig"; sourceTree = "<group>"; };
		81B16EEB23E72419B9B076D5 /* Pods_CocoaPodsExample.framework */ = {isa = PBXFileReference; explicitFileType = wrapper.framework; includeInIndex = 0; path = Pods_CocoaPodsExample.framework; sourceTree = BUILT_PRODUCTS_DIR; };
		ACD4FE9323FE420200D6ED22 /* CocoaPodsExample.app */ = {isa = PBXFileReference; explicitFileType = wrapper.application; includeInIndex = 0; path = CocoaPodsExample.app; sourceTree = BUILT_PRODUCTS_DIR; };
		ACD4FE9623FE420200D6ED22 /* AppDelegate.swift */ = {isa = PBXFileReference; lastKnownFileType = sourcecode.swift; path = AppDelegate.swift; sourceTree = "<group>"; };
		ACD4FE9823FE420200D6ED22 /* SceneDelegate.swift */ = {isa = PBXFileReference; lastKnownFileType = sourcecode.swift; path = SceneDelegate.swift; sourceTree = "<group>"; };
		ACD4FE9A23FE420200D6ED22 /* ViewController.swift */ = {isa = PBXFileReference; lastKnownFileType = sourcecode.swift; path = ViewController.swift; sourceTree = "<group>"; };
		ACD4FE9D23FE420200D6ED22 /* Base */ = {isa = PBXFileReference; lastKnownFileType = file.storyboard; name = Base; path = Base.lproj/Main.storyboard; sourceTree = "<group>"; };
		ACD4FE9F23FE420400D6ED22 /* Assets.xcassets */ = {isa = PBXFileReference; lastKnownFileType = folder.assetcatalog; path = Assets.xcassets; sourceTree = "<group>"; };
		ACD4FEA223FE420400D6ED22 /* Base */ = {isa = PBXFileReference; lastKnownFileType = file.storyboard; name = Base; path = Base.lproj/LaunchScreen.storyboard; sourceTree = "<group>"; };
		ACD4FEA423FE420400D6ED22 /* Info.plist */ = {isa = PBXFileReference; lastKnownFileType = text.plist.xml; path = Info.plist; sourceTree = "<group>"; };
/* End PBXFileReference section */

/* Begin PBXFrameworksBuildPhase section */
		ACD4FE9023FE420200D6ED22 /* Frameworks */ = {
			isa = PBXFrameworksBuildPhase;
			buildActionMask = 2147483647;
			files = (
				693F7CC4178ABD2BABA14600 /* Pods_CocoaPodsExample.framework in Frameworks */,
			);
			runOnlyForDeploymentPostprocessing = 0;
		};
/* End PBXFrameworksBuildPhase section */

/* Begin PBXGroup section */
		61D3297C744C3FEF413DC108 /* Frameworks */ = {
			isa = PBXGroup;
			children = (
				81B16EEB23E72419B9B076D5 /* Pods_CocoaPodsExample.framework */,
			);
			name = Frameworks;
			sourceTree = "<group>";
		};
		ACD4FE8A23FE420200D6ED22 = {
			isa = PBXGroup;
			children = (
				ACD4FE9523FE420200D6ED22 /* CocoaPodsExample */,
				ACD4FE9423FE420200D6ED22 /* Products */,
				C7C5BA544CF05A2DFBA7F2D8 /* Pods */,
				61D3297C744C3FEF413DC108 /* Frameworks */,
			);
			sourceTree = "<group>";
		};
		ACD4FE9423FE420200D6ED22 /* Products */ = {
			isa = PBXGroup;
			children = (
				ACD4FE9323FE420200D6ED22 /* CocoaPodsExample.app */,
			);
			name = Products;
			sourceTree = "<group>";
		};
		ACD4FE9523FE420200D6ED22 /* CocoaPodsExample */ = {
			isa = PBXGroup;
			children = (
				ACD4FE9623FE420200D6ED22 /* AppDelegate.swift */,
				ACD4FE9823FE420200D6ED22 /* SceneDelegate.swift */,
				ACD4FE9A23FE420200D6ED22 /* ViewController.swift */,
				ACD4FE9C23FE420200D6ED22 /* Main.storyboard */,
				ACD4FE9F23FE420400D6ED22 /* Assets.xcassets */,
				ACD4FEA123FE420400D6ED22 /* LaunchScreen.storyboard */,
				ACD4FEA423FE420400D6ED22 /* Info.plist */,
			);
			path = CocoaPodsExample;
			sourceTree = "<group>";
		};
		C7C5BA544CF05A2DFBA7F2D8 /* Pods */ = {
			isa = PBXGroup;
			children = (
				16BBEEE8992FC317899C86FF /* Pods-CocoaPodsExample.debug.xcconfig */,
				2DA5F1A56E8BEB79B5C42DAA /* Pods-CocoaPodsExample.release.xcconfig */,
			);
			name = Pods;
			path = Pods;
			sourceTree = "<group>";
		};
/* End PBXGroup section */

/* Begin PBXNativeTarget section */
		ACD4FE9223FE420200D6ED22 /* CocoaPodsExample */ = {
			isa = PBXNativeTarget;
			buildConfigurationList = ACD4FEA723FE420400D6ED22 /* Build configuration list for PBXNativeTarget "CocoaPodsExample" */;
			buildPhases = (
				2744EAE6E24A04B237A8C8B6 /* [CP] Check Pods Manifest.lock */,
				ACD4FE8F23FE420200D6ED22 /* Sources */,
				ACD4FE9023FE420200D6ED22 /* Frameworks */,
				ACD4FE9123FE420200D6ED22 /* Resources */,
				32DB8ED40661669DD5AA9E67 /* [CP] Embed Pods Frameworks */,
			);
			buildRules = (
			);
			dependencies = (
			);
			name = CocoaPodsExample;
			productName = CocoaPodsExample;
			productReference = ACD4FE9323FE420200D6ED22 /* CocoaPodsExample.app */;
			productType = "com.apple.product-type.application";
		};
/* End PBXNativeTarget section */

/* Begin PBXProject section */
		ACD4FE8B23FE420200D6ED22 /* Project object */ = {
			isa = PBXProject;
			attributes = {
				LastSwiftUpdateCheck = 1130;
				LastUpgradeCheck = 1130;
				ORGANIZATIONNAME = cskim;
				TargetAttributes = {
					ACD4FE9223FE420200D6ED22 = {
						CreatedOnToolsVersion = 11.3.1;
					};
				};
			};
			buildConfigurationList = ACD4FE8E23FE420200D6ED22 /* Build configuration list for PBXProject "CocoaPodsExample" */;
			compatibilityVersion = "Xcode 9.3";
			developmentRegion = en;
			hasScannedForEncodings = 0;
			knownRegions = (
				en,
				Base,
			);
			mainGroup = ACD4FE8A23FE420200D6ED22;
			productRefGroup = ACD4FE9423FE420200D6ED22 /* Products */;
			projectDirPath = "";
			projectRoot = "";
			targets = (
				ACD4FE9223FE420200D6ED22 /* CocoaPodsExample */,
			);
		};
/* End PBXProject section */

/* Begin PBXResourcesBuildPhase section */
		ACD4FE9123FE420200D6ED22 /* Resources */ = {
			isa = PBXResourcesBuildPhase;
			buildActionMask = 2147483647;
			files = (
				ACD4FEA323FE420400D6ED22 /* LaunchScreen.storyboard in Resources */,
				ACD4FEA023FE420400D6ED22 /* Assets.xcassets in Resources */,
				ACD4FE9E23FE420200D6ED22 /* Main.storyboard in Resources */,
			);
			runOnlyForDeploymentPostprocessing = 0;
		};
/* End PBXResourcesBuildPhase section */

/* Begin PBXShellScriptBuildPhase section */
		2744EAE6E24A04B237A8C8B6 /* [CP] Check Pods Manifest.lock */ = {
			isa = PBXShellScriptBuildPhase;
			buildActionMask = 2147483647;
			files = (
			);
			inputFileListPaths = (
			);
			inputPaths = (
				"${PODS_PODFILE_DIR_PATH}/Podfile.lock",
				"${PODS_ROOT}/Manifest.lock",
			);
			name = "[CP] Check Pods Manifest.lock";
			outputFileListPaths = (
			);
			outputPaths = (
				"$(DERIVED_FILE_DIR)/Pods-CocoaPodsExample-checkManifestLockResult.txt",
			);
			runOnlyForDeploymentPostprocessing = 0;
			shellPath = /bin/sh;
			shellScript = "diff \"${PODS_PODFILE_DIR_PATH}/Podfile.lock\" \"${PODS_ROOT}/Manifest.lock\" > /dev/null\nif [ $? != 0 ] ; then\n    # print error to STDERR\n    echo \"error: The sandbox is not in sync with the Podfile.lock. Run 'pod install' or update your CocoaPods installation.\" >&2\n    exit 1\nfi\n# This output is used by Xcode 'outputs' to avoid re-running this script phase.\necho \"SUCCESS\" > \"${SCRIPT_OUTPUT_FILE_0}\"\n";
			showEnvVarsInLog = 0;
		};
		32DB8ED40661669DD5AA9E67 /* [CP] Embed Pods Frameworks */ = {
			isa = PBXShellScriptBuildPhase;
			buildActionMask = 2147483647;
			files = (
			);
			inputFileListPaths = (
				"${PODS_ROOT}/Target Support Files/Pods-CocoaPodsExample/Pods-CocoaPodsExample-frameworks-${CONFIGURATION}-input-files.xcfilelist",
			);
			name = "[CP] Embed Pods Frameworks";
			outputFileListPaths = (
				"${PODS_ROOT}/Target Support Files/Pods-CocoaPodsExample/Pods-CocoaPodsExample-frameworks-${CONFIGURATION}-output-files.xcfilelist",
			);
			runOnlyForDeploymentPostprocessing = 0;
			shellPath = /bin/sh;
			shellScript = "\"${PODS_ROOT}/Target Support Files/Pods-CocoaPodsExample/Pods-CocoaPodsExample-frameworks.sh\"\n";
			showEnvVarsInLog = 0;
		};
/* End PBXShellScriptBuildPhase section */

/* Begin PBXSourcesBuildPhase section */
		ACD4FE8F23FE420200D6ED22 /* Sources */ = {
			isa = PBXSourcesBuildPhase;
			buildActionMask = 2147483647;
			files = (
				ACD4FE9B23FE420200D6ED22 /* ViewController.swift in Sources */,
				ACD4FE9723FE420200D6ED22 /* AppDelegate.swift in Sources */,
				ACD4FE9923FE420200D6ED22 /* SceneDelegate.swift in Sources */,
			);
			runOnlyForDeploymentPostprocessing = 0;
		};
/* End PBXSourcesBuildPhase section */

/* Begin PBXVariantGroup section */
		ACD4FE9C23FE420200D6ED22 /* Main.storyboard */ = {
			isa = PBXVariantGroup;
			children = (
				ACD4FE9D23FE420200D6ED22 /* Base */,
			);
			name = Main.storyboard;
			sourceTree = "<group>";
		};
		ACD4FEA123FE420400D6ED22 /* LaunchScreen.storyboard */ = {
			isa = PBXVariantGroup;
			children = (
				ACD4FEA223FE420400D6ED22 /* Base */,
			);
			name = LaunchScreen.storyboard;
			sourceTree = "<group>";
		};
/* End PBXVariantGroup section */

/* Begin XCBuildConfiguration section */
		ACD4FEA523FE420400D6ED22 /* Debug */ = {
			isa = XCBuildConfiguration;
			buildSettings = {
				ALWAYS_SEARCH_USER_PATHS = NO;
				CLANG_ANALYZER_NONNULL = YES;
				CLANG_ANALYZER_NUMBER_OBJECT_CONVERSION = YES_AGGRESSIVE;
				CLANG_CXX_LANGUAGE_STANDARD = "gnu++14";
				CLANG_CXX_LIBRARY = "libc++";
				CLANG_ENABLE_MODULES = YES;
				CLANG_ENABLE_OBJC_ARC = YES;
				CLANG_ENABLE_OBJC_WEAK = YES;
				CLANG_WARN_BLOCK_CAPTURE_AUTORELEASING = YES;
				CLANG_WARN_BOOL_CONVERSION = YES;
				CLANG_WARN_COMMA = YES;
				CLANG_WARN_CONSTANT_CONVERSION = YES;
				CLANG_WARN_DEPRECATED_OBJC_IMPLEMENTATIONS = YES;
				CLANG_WARN_DIRECT_OBJC_ISA_USAGE = YES_ERROR;
				CLANG_WARN_DOCUMENTATION_COMMENTS = YES;
				CLANG_WARN_EMPTY_BODY = YES;
				CLANG_WARN_ENUM_CONVERSION = YES;
				CLANG_WARN_INFINITE_RECURSION = YES;
				CLANG_WARN_INT_CONVERSION = YES;
				CLANG_WARN_NON_LITERAL_NULL_CONVERSION = YES;
				CLANG_WARN_OBJC_IMPLICIT_RETAIN_SELF = YES;
				CLANG_WARN_OBJC_LITERAL_CONVERSION = YES;
				CLANG_WARN_OBJC_ROOT_CLASS = YES_ERROR;
				CLANG_WARN_RANGE_LOOP_ANALYSIS = YES;
				CLANG_WARN_STRICT_PROTOTYPES = YES;
				CLANG_WARN_SUSPICIOUS_MOVE = YES;
				CLANG_WARN_UNGUARDED_AVAILABILITY = YES_AGGRESSIVE;
				CLANG_WARN_UNREACHABLE_CODE = YES;
				CLANG_WARN__DUPLICATE_METHOD_MATCH = YES;
				COPY_PHASE_STRIP = NO;
				DEBUG_INFORMATION_FORMAT = dwarf;
				ENABLE_STRICT_OBJC_MSGSEND = YES;
				ENABLE_TESTABILITY = YES;
				GCC_C_LANGUAGE_STANDARD = gnu11;
				GCC_DYNAMIC_NO_PIC = NO;
				GCC_NO_COMMON_BLOCKS = YES;
				GCC_OPTIMIZATION_LEVEL = 0;
				GCC_PREPROCESSOR_DEFINITIONS = (
					"DEBUG=1",
					"$(inherited)",
				);
				GCC_WARN_64_TO_32_BIT_CONVERSION = YES;
				GCC_WARN_ABOUT_RETURN_TYPE = YES_ERROR;
				GCC_WARN_UNDECLARED_SELECTOR = YES;
				GCC_WARN_UNINITIALIZED_AUTOS = YES_AGGRESSIVE;
				GCC_WARN_UNUSED_FUNCTION = YES;
				GCC_WARN_UNUSED_VARIABLE = YES;
				IPHONEOS_DEPLOYMENT_TARGET = 13.2;
				MTL_ENABLE_DEBUG_INFO = INCLUDE_SOURCE;
				MTL_FAST_MATH = YES;
				ONLY_ACTIVE_ARCH = YES;
				SDKROOT = iphoneos;
				SWIFT_ACTIVE_COMPILATION_CONDITIONS = DEBUG;
				SWIFT_OPTIMIZATION_LEVEL = "-Onone";
			};
			name = Debug;
		};
		ACD4FEA623FE420400D6ED22 /* Release */ = {
			isa = XCBuildConfiguration;
			buildSettings = {
				ALWAYS_SEARCH_USER_PATHS = NO;
				CLANG_ANALYZER_NONNULL = YES;
				CLANG_ANALYZER_NUMBER_OBJECT_CONVERSION = YES_AGGRESSIVE;
				CLANG_CXX_LANGUAGE_STANDARD = "gnu++14";
				CLANG_CXX_LIBRARY = "libc++";
				CLANG_ENABLE_MODULES = YES;
				CLANG_ENABLE_OBJC_ARC = YES;
				CLANG_ENABLE_OBJC_WEAK = YES;
				CLANG_WARN_BLOCK_CAPTURE_AUTORELEASING = YES;
				CLANG_WARN_BOOL_CONVERSION = YES;
				CLANG_WARN_COMMA = YES;
				CLANG_WARN_CONSTANT_CONVERSION = YES;
				CLANG_WARN_DEPRECATED_OBJC_IMPLEMENTATIONS = YES;
				CLANG_WARN_DIRECT_OBJC_ISA_USAGE = YES_ERROR;
				CLANG_WARN_DOCUMENTATION_COMMENTS = YES;
				CLANG_WARN_EMPTY_BODY = YES;
				CLANG_WARN_ENUM_CONVERSION = YES;
				CLANG_WARN_INFINITE_RECURSION = YES;
				CLANG_WARN_INT_CONVERSION = YES;
				CLANG_WARN_NON_LITERAL_NULL_CONVERSION = YES;
				CLANG_WARN_OBJC_IMPLICIT_RETAIN_SELF = YES;
				CLANG_WARN_OBJC_LITERAL_CONVERSION = YES;
				CLANG_WARN_OBJC_ROOT_CLASS = YES_ERROR;
				CLANG_WARN_RANGE_LOOP_ANALYSIS = YES;
				CLANG_WARN_STRICT_PROTOTYPES = YES;
				CLANG_WARN_SUSPICIOUS_MOVE = YES;
				CLANG_WARN_UNGUARDED_AVAILABILITY = YES_AGGRESSIVE;
				CLANG_WARN_UNREACHABLE_CODE = YES;
				CLANG_WARN__DUPLICATE_METHOD_MATCH = YES;
				COPY_PHASE_STRIP = NO;
				DEBUG_INFORMATION_FORMAT = "dwarf-with-dsym";
				ENABLE_NS_ASSERTIONS = NO;
				ENABLE_STRICT_OBJC_MSGSEND = YES;
				GCC_C_LANGUAGE_STANDARD = gnu11;
				GCC_NO_COMMON_BLOCKS = YES;
				GCC_WARN_64_TO_32_BIT_CONVERSION = YES;
				GCC_WARN_ABOUT_RETURN_TYPE = YES_ERROR;
				GCC_WARN_UNDECLARED_SELECTOR = YES;
				GCC_WARN_UNINITIALIZED_AUTOS = YES_AGGRESSIVE;
				GCC_WARN_UNUSED_FUNCTION = YES;
				GCC_WARN_UNUSED_VARIABLE = YES;
				IPHONEOS_DEPLOYMENT_TARGET = 13.2;
				MTL_ENABLE_DEBUG_INFO = NO;
				MTL_FAST_MATH = YES;
				SDKROOT = iphoneos;
				SWIFT_COMPILATION_MODE = wholemodule;
				SWIFT_OPTIMIZATION_LEVEL = "-O";
				VALIDATE_PRODUCT = YES;
			};
			name = Release;
		};
		ACD4FEA823FE420400D6ED22 /* Debug */ = {
			isa = XCBuildConfiguration;
			baseConfigurationReference = 16BBEEE8992FC317899C86FF /* Pods-CocoaPodsExample.debug.xcconfig */;
			buildSettings = {
				ASSETCATALOG_COMPILER_APPICON_NAME = AppIcon;
				CODE_SIGN_STYLE = Automatic;
				DEVELOPMENT_TEAM = D8Z3QRBB63;
				INFOPLIST_FILE = CocoaPodsExample/Info.plist;
				LD_RUNPATH_SEARCH_PATHS = (
					"$(inherited)",
					"@executable_path/Frameworks",
				);
				PRODUCT_BUNDLE_IDENTIFIER = com.cskim.CocoaPodsExample;
				PRODUCT_NAME = "$(TARGET_NAME)";
				SWIFT_VERSION = 5.0;
				TARGETED_DEVICE_FAMILY = "1,2";
			};
			name = Debug;
		};
		ACD4FEA923FE420400D6ED22 /* Release */ = {
			isa = XCBuildConfiguration;
			baseConfigurationReference = 2DA5F1A56E8BEB79B5C42DAA /* Pods-CocoaPodsExample.release.xcconfig */;
			buildSettings = {
				ASSETCATALOG_COMPILER_APPICON_NAME = AppIcon;
				CODE_SIGN_STYLE = Automatic;
				DEVELOPMENT_TEAM = D8Z3QRBB63;
				INFOPLIST_FILE = CocoaPodsExample/Info.plist;
				LD_RUNPATH_SEARCH_PATHS = (
					"$(inherited)",
					"@executable_path/Frameworks",
				);
				PRODUCT_BUNDLE_IDENTIFIER = com.cskim.CocoaPodsExample;
				PRODUCT_NAME = "$(TARGET_NAME)";
				SWIFT_VERSION = 5.0;
				TARGETED_DEVICE_FAMILY = "1,2";
			};
			name = Release;
		};
/* End XCBuildConfiguration section */

/* Begin XCConfigurationList section */
		ACD4FE8E23FE420200D6ED22 /* Build configuration list for PBXProject "CocoaPodsExample" */ = {
			isa = XCConfigurationList;
			buildConfigurations = (
				ACD4FEA523FE420400D6ED22 /* Debug */,
				ACD4FEA623FE420400D6ED22 /* Release */,
			);
			defaultConfigurationIsVisible = 0;
			defaultConfigurationName = Release;
		};
		ACD4FEA723FE420400D6ED22 /* Build configuration list for PBXNativeTarget "CocoaPodsExample" */ = {
			isa = XCConfigurationList;
			buildConfigurations = (
				ACD4FEA823FE420400D6ED22 /* Debug */,
				ACD4FEA923FE420400D6ED22 /* Release */,
			);
			defaultConfigurationIsVisible = 0;
			defaultConfigurationName = Release;
		};
/* End XCConfigurationList section */
	};
	rootObject = ACD4FE8B23FE420200D6ED22 /* Project object */;
}
