// !$*UTF8*$!
{
	archiveVersion = 1;
	classes = {
	};
	objectVersion = 50;
	objects = {

/* Begin PBXBuildFile section */
		4FD8115F23A9D328001AB5F6 /* AppDelegate.swift in Sources */ = {isa = PBXBuildFile; fileRef = 4FD8115E23A9D328001AB5F6 /* AppDelegate.swift */; };
		4FD8116523A9D329001AB5F6 /* Assets.xcassets in Resources */ = {isa = PBXBuildFile; fileRef = 4FD8116423A9D329001AB5F6 /* Assets.xcassets */; };
		4FD8116823A9D329001AB5F6 /* Preview Assets.xcassets in Resources */ = {isa = PBXBuildFile; fileRef = 4FD8116723A9D329001AB5F6 /* Preview Assets.xcassets */; };
		4FD8116B23A9D329001AB5F6 /* LaunchScreen.storyboard in Resources */ = {isa = PBXBuildFile; fileRef = 4FD8116923A9D329001AB5F6 /* LaunchScreen.storyboard */; };
		4FD8117323A9D3A2001AB5F6 /* EmailViewController.swift in Sources */ = {isa = PBXBuildFile; fileRef = 4FD8117223A9D3A2001AB5F6 /* EmailViewController.swift */; };
		4FD8117523A9D3AB001AB5F6 /* NickNameViewController.swift in Sources */ = {isa = PBXBuildFile; fileRef = 4FD8117423A9D3AB001AB5F6 /* NickNameViewController.swift */; };
		4FD8117723A9D3BC001AB5F6 /* TextFieldType1.swift in Sources */ = {isa = PBXBuildFile; fileRef = 4FD8117623A9D3BC001AB5F6 /* TextFieldType1.swift */; };
/* End PBXBuildFile section */

/* Begin PBXFileReference section */
		4FD8115B23A9D328001AB5F6 /* AutoLayoutCustomView(Starter).app */ = {isa = PBXFileReference; explicitFileType = wrapper.application; includeInIndex = 0; path = "AutoLayoutCustomView(Starter).app"; sourceTree = BUILT_PRODUCTS_DIR; };
		4FD8115E23A9D328001AB5F6 /* AppDelegate.swift */ = {isa = PBXFileReference; lastKnownFileType = sourcecode.swift; path = AppDelegate.swift; sourceTree = "<group>"; };
		4FD8116423A9D329001AB5F6 /* Assets.xcassets */ = {isa = PBXFileReference; lastKnownFileType = folder.assetcatalog; path = Assets.xcassets; sourceTree = "<group>"; };
		4FD8116723A9D329001AB5F6 /* Preview Assets.xcassets */ = {isa = PBXFileReference; lastKnownFileType = folder.assetcatalog; path = "Preview Assets.xcassets"; sourceTree = "<group>"; };
		4FD8116A23A9D329001AB5F6 /* Base */ = {isa = PBXFileReference; lastKnownFileType = file.storyboard; name = Base; path = Base.lproj/LaunchScreen.storyboard; sourceTree = "<group>"; };
		4FD8116C23A9D329001AB5F6 /* Info.plist */ = {isa = PBXFileReference; lastKnownFileType = text.plist.xml; path = Info.plist; sourceTree = "<group>"; };
		4FD8117223A9D3A2001AB5F6 /* EmailViewController.swift */ = {isa = PBXFileReference; lastKnownFileType = sourcecode.swift; path = EmailViewController.swift; sourceTree = "<group>"; };
		4FD8117423A9D3AB001AB5F6 /* NickNameViewController.swift */ = {isa = PBXFileReference; lastKnownFileType = sourcecode.swift; path = NickNameViewController.swift; sourceTree = "<group>"; };
		4FD8117623A9D3BC001AB5F6 /* TextFieldType1.swift */ = {isa = PBXFileReference; lastKnownFileType = sourcecode.swift; path = TextFieldType1.swift; sourceTree = "<group>"; };
/* End PBXFileReference section */

/* Begin PBXFrameworksBuildPhase section */
		4FD8115823A9D328001AB5F6 /* Frameworks */ = {
			isa = PBXFrameworksBuildPhase;
			buildActionMask = 2147483647;
			files = (
			);
			runOnlyForDeploymentPostprocessing = 0;
		};
/* End PBXFrameworksBuildPhase section */

/* Begin PBXGroup section */
		4FD8115223A9D328001AB5F6 = {
			isa = PBXGroup;
			children = (
				4FD8115D23A9D328001AB5F6 /* AutoLayoutCustomView(Starter) */,
				4FD8115C23A9D328001AB5F6 /* Products */,
			);
			sourceTree = "<group>";
		};
		4FD8115C23A9D328001AB5F6 /* Products */ = {
			isa = PBXGroup;
			children = (
				4FD8115B23A9D328001AB5F6 /* AutoLayoutCustomView(Starter).app */,
			);
			name = Products;
			sourceTree = "<group>";
		};
		4FD8115D23A9D328001AB5F6 /* AutoLayoutCustomView(Starter) */ = {
			isa = PBXGroup;
			children = (
				4FD8115E23A9D328001AB5F6 /* AppDelegate.swift */,
				4FD8117823A9D4A8001AB5F6 /* View */,
				4FD8117923A9D4AC001AB5F6 /* Controller */,
				4FD8116423A9D329001AB5F6 /* Assets.xcassets */,
				4FD8116923A9D329001AB5F6 /* LaunchScreen.storyboard */,
				4FD8116C23A9D329001AB5F6 /* Info.plist */,
				4FD8116623A9D329001AB5F6 /* Preview Content */,
			);
			path = "AutoLayoutCustomView(Starter)";
			sourceTree = "<group>";
		};
		4FD8116623A9D329001AB5F6 /* Preview Content */ = {
			isa = PBXGroup;
			children = (
				4FD8116723A9D329001AB5F6 /* Preview Assets.xcassets */,
			);
			path = "Preview Content";
			sourceTree = "<group>";
		};
		4FD8117823A9D4A8001AB5F6 /* View */ = {
			isa = PBXGroup;
			children = (
				4FD8117623A9D3BC001AB5F6 /* TextFieldType1.swift */,
			);
			path = View;
			sourceTree = "<group>";
		};
		4FD8117923A9D4AC001AB5F6 /* Controller */ = {
			isa = PBXGroup;
			children = (
				4FD8117223A9D3A2001AB5F6 /* EmailViewController.swift */,
				4FD8117423A9D3AB001AB5F6 /* NickNameViewController.swift */,
			);
			path = Controller;
			sourceTree = "<group>";
		};
/* End PBXGroup section */

/* Begin PBXNativeTarget section */
		4FD8115A23A9D328001AB5F6 /* AutoLayoutCustomView(Starter) */ = {
			isa = PBXNativeTarget;
			buildConfigurationList = 4FD8116F23A9D329001AB5F6 /* Build configuration list for PBXNativeTarget "AutoLayoutCustomView(Starter)" */;
			buildPhases = (
				4FD8115723A9D328001AB5F6 /* Sources */,
				4FD8115823A9D328001AB5F6 /* Frameworks */,
				4FD8115923A9D328001AB5F6 /* Resources */,
			);
			buildRules = (
			);
			dependencies = (
			);
			name = "AutoLayoutCustomView(Starter)";
			productName = "AutoLayoutCustomView(Starter)";
			productReference = 4FD8115B23A9D328001AB5F6 /* AutoLayoutCustomView(Starter).app */;
			productType = "com.apple.product-type.application";
		};
/* End PBXNativeTarget section */

/* Begin PBXProject section */
		4FD8115323A9D328001AB5F6 /* Project object */ = {
			isa = PBXProject;
			attributes = {
				LastSwiftUpdateCheck = 1130;
				LastUpgradeCheck = 1130;
				ORGANIZATIONNAME = Kira;
				TargetAttributes = {
					4FD8115A23A9D328001AB5F6 = {
						CreatedOnToolsVersion = 11.3;
					};
				};
			};
			buildConfigurationList = 4FD8115623A9D328001AB5F6 /* Build configuration list for PBXProject "AutoLayoutCustomView(Starter)" */;
			compatibilityVersion = "Xcode 9.3";
			developmentRegion = en;
			hasScannedForEncodings = 0;
			knownRegions = (
				en,
				Base,
			);
			mainGroup = 4FD8115223A9D328001AB5F6;
			productRefGroup = 4FD8115C23A9D328001AB5F6 /* Products */;
			projectDirPath = "";
			projectRoot = "";
			targets = (
				4FD8115A23A9D328001AB5F6 /* AutoLayoutCustomView(Starter) */,
			);
		};
/* End PBXProject section */

/* Begin PBXResourcesBuildPhase section */
		4FD8115923A9D328001AB5F6 /* Resources */ = {
			isa = PBXResourcesBuildPhase;
			buildActionMask = 2147483647;
			files = (
				4FD8116B23A9D329001AB5F6 /* LaunchScreen.storyboard in Resources */,
				4FD8116823A9D329001AB5F6 /* Preview Assets.xcassets in Resources */,
				4FD8116523A9D329001AB5F6 /* Assets.xcassets in Resources */,
			);
			runOnlyForDeploymentPostprocessing = 0;
		};
/* End PBXResourcesBuildPhase section */

/* Begin PBXSourcesBuildPhase section */
		4FD8115723A9D328001AB5F6 /* Sources */ = {
			isa = PBXSourcesBuildPhase;
			buildActionMask = 2147483647;
			files = (
				4FD8115F23A9D328001AB5F6 /* AppDelegate.swift in Sources */,
				4FD8117523A9D3AB001AB5F6 /* NickNameViewController.swift in Sources */,
				4FD8117323A9D3A2001AB5F6 /* EmailViewController.swift in Sources */,
				4FD8117723A9D3BC001AB5F6 /* TextFieldType1.swift in Sources */,
			);
			runOnlyForDeploymentPostprocessing = 0;
		};
/* End PBXSourcesBuildPhase section */

/* Begin PBXVariantGroup section */
		4FD8116923A9D329001AB5F6 /* LaunchScreen.storyboard */ = {
			isa = PBXVariantGroup;
			children = (
				4FD8116A23A9D329001AB5F6 /* Base */,
			);
			name = LaunchScreen.storyboard;
			sourceTree = "<group>";
		};
/* End PBXVariantGroup section */

/* Begin XCBuildConfiguration section */
		4FD8116D23A9D329001AB5F6 /* Debug */ = {
			isa = XCBuildConfiguration;
			buildSettings = {
				ALWAYS_SEARCH_USER_PATHS = NO;
				CLANG_ANALYZER_NONNULL = YES;
				CLANG_ANALYZER_NUMBER_OBJECT_CONVERSION = YES_AGGRESSIVE;
				CLANG_CXX_LANGUAGE_STANDARD = "gnu++14";
				CLANG_CXX_LIBRARY = "libc++";
				CLANG_ENABLE_MODULES = YES;
				CLANG_ENABLE_OBJC_ARC = YES;
				CLANG_ENABLE_OBJC_WEAK = YES;
				CLANG_WARN_BLOCK_CAPTURE_AUTORELEASING = YES;
				CLANG_WARN_BOOL_CONVERSION = YES;
				CLANG_WARN_COMMA = YES;
				CLANG_WARN_CONSTANT_CONVERSION = YES;
				CLANG_WARN_DEPRECATED_OBJC_IMPLEMENTATIONS = YES;
				CLANG_WARN_DIRECT_OBJC_ISA_USAGE = YES_ERROR;
				CLANG_WARN_DOCUMENTATION_COMMENTS = YES;
				CLANG_WARN_EMPTY_BODY = YES;
				CLANG_WARN_ENUM_CONVERSION = YES;
				CLANG_WARN_INFINITE_RECURSION = YES;
				CLANG_WARN_INT_CONVERSION = YES;
				CLANG_WARN_NON_LITERAL_NULL_CONVERSION = YES;
				CLANG_WARN_OBJC_IMPLICIT_RETAIN_SELF = YES;
				CLANG_WARN_OBJC_LITERAL_CONVERSION = YES;
				CLANG_WARN_OBJC_ROOT_CLASS = YES_ERROR;
				CLANG_WARN_RANGE_LOOP_ANALYSIS = YES;
				CLANG_WARN_STRICT_PROTOTYPES = YES;
				CLANG_WARN_SUSPICIOUS_MOVE = YES;
				CLANG_WARN_UNGUARDED_AVAILABILITY = YES_AGGRESSIVE;
				CLANG_WARN_UNREACHABLE_CODE = YES;
				CLANG_WARN__DUPLICATE_METHOD_MATCH = YES;
				COPY_PHASE_STRIP = NO;
				DEBUG_INFORMATION_FORMAT = dwarf;
				ENABLE_STRICT_OBJC_MSGSEND = YES;
				ENABLE_TESTABILITY = YES;
				GCC_C_LANGUAGE_STANDARD = gnu11;
				GCC_DYNAMIC_NO_PIC = NO;
				GCC_NO_COMMON_BLOCKS = YES;
				GCC_OPTIMIZATION_LEVEL = 0;
				GCC_PREPROCESSOR_DEFINITIONS = (
					"DEBUG=1",
					"$(inherited)",
				);
				GCC_WARN_64_TO_32_BIT_CONVERSION = YES;
				GCC_WARN_ABOUT_RETURN_TYPE = YES_ERROR;
				GCC_WARN_UNDECLARED_SELECTOR = YES;
				GCC_WARN_UNINITIALIZED_AUTOS = YES_AGGRESSIVE;
				GCC_WARN_UNUSED_FUNCTION = YES;
				GCC_WARN_UNUSED_VARIABLE = YES;
				IPHONEOS_DEPLOYMENT_TARGET = 13.2;
				MTL_ENABLE_DEBUG_INFO = INCLUDE_SOURCE;
				MTL_FAST_MATH = YES;
				ONLY_ACTIVE_ARCH = YES;
				SDKROOT = iphoneos;
				SWIFT_ACTIVE_COMPILATION_CONDITIONS = DEBUG;
				SWIFT_OPTIMIZATION_LEVEL = "-Onone";
			};
			name = Debug;
		};
		4FD8116E23A9D329001AB5F6 /* Release */ = {
			isa = XCBuildConfiguration;
			buildSettings = {
				ALWAYS_SEARCH_USER_PATHS = NO;
				CLANG_ANALYZER_NONNULL = YES;
				CLANG_ANALYZER_NUMBER_OBJECT_CONVERSION = YES_AGGRESSIVE;
				CLANG_CXX_LANGUAGE_STANDARD = "gnu++14";
				CLANG_CXX_LIBRARY = "libc++";
				CLANG_ENABLE_MODULES = YES;
				CLANG_ENABLE_OBJC_ARC = YES;
				CLANG_ENABLE_OBJC_WEAK = YES;
				CLANG_WARN_BLOCK_CAPTURE_AUTORELEASING = YES;
				CLANG_WARN_BOOL_CONVERSION = YES;
				CLANG_WARN_COMMA = YES;
				CLANG_WARN_CONSTANT_CONVERSION = YES;
				CLANG_WARN_DEPRECATED_OBJC_IMPLEMENTATIONS = YES;
				CLANG_WARN_DIRECT_OBJC_ISA_USAGE = YES_ERROR;
				CLANG_WARN_DOCUMENTATION_COMMENTS = YES;
				CLANG_WARN_EMPTY_BODY = YES;
				CLANG_WARN_ENUM_CONVERSION = YES;
				CLANG_WARN_INFINITE_RECURSION = YES;
				CLANG_WARN_INT_CONVERSION = YES;
				CLANG_WARN_NON_LITERAL_NULL_CONVERSION = YES;
				CLANG_WARN_OBJC_IMPLICIT_RETAIN_SELF = YES;
				CLANG_WARN_OBJC_LITERAL_CONVERSION = YES;
				CLANG_WARN_OBJC_ROOT_CLASS = YES_ERROR;
				CLANG_WARN_RANGE_LOOP_ANALYSIS = YES;
				CLANG_WARN_STRICT_PROTOTYPES = YES;
				CLANG_WARN_SUSPICIOUS_MOVE = YES;
				CLANG_WARN_UNGUARDED_AVAILABILITY = YES_AGGRESSIVE;
				CLANG_WARN_UNREACHABLE_CODE = YES;
				CLANG_WARN__DUPLICATE_METHOD_MATCH = YES;
				COPY_PHASE_STRIP = NO;
				DEBUG_INFORMATION_FORMAT = "dwarf-with-dsym";
				ENABLE_NS_ASSERTIONS = NO;
				ENABLE_STRICT_OBJC_MSGSEND = YES;
				GCC_C_LANGUAGE_STANDARD = gnu11;
				GCC_NO_COMMON_BLOCKS = YES;
				GCC_WARN_64_TO_32_BIT_CONVERSION = YES;
				GCC_WARN_ABOUT_RETURN_TYPE = YES_ERROR;
				GCC_WARN_UNDECLARED_SELECTOR = YES;
				GCC_WARN_UNINITIALIZED_AUTOS = YES_AGGRESSIVE;
				GCC_WARN_UNUSED_FUNCTION = YES;
				GCC_WARN_UNUSED_VARIABLE = YES;
				IPHONEOS_DEPLOYMENT_TARGET = 13.2;
				MTL_ENABLE_DEBUG_INFO = NO;
				MTL_FAST_MATH = YES;
				SDKROOT = iphoneos;
				SWIFT_COMPILATION_MODE = wholemodule;
				SWIFT_OPTIMIZATION_LEVEL = "-O";
				VALIDATE_PRODUCT = YES;
			};
			name = Release;
		};
		4FD8117023A9D329001AB5F6 /* Debug */ = {
			isa = XCBuildConfiguration;
			buildSettings = {
				ASSETCATALOG_COMPILER_APPICON_NAME = AppIcon;
				CODE_SIGN_STYLE = Automatic;
				DEVELOPMENT_ASSET_PATHS = "\"AutoLayoutCustomView(Starter)/Preview Content\"";
				DEVELOPMENT_TEAM = D8Z3QRBB63;
				ENABLE_PREVIEWS = YES;
				INFOPLIST_FILE = "AutoLayoutCustomView(Starter)/Info.plist";
				LD_RUNPATH_SEARCH_PATHS = (
					"$(inherited)",
					"@executable_path/Frameworks",
				);
				PRODUCT_BUNDLE_IDENTIFIER = com.cskim;
				PRODUCT_NAME = "$(TARGET_NAME)";
				SWIFT_VERSION = 5.0;
				TARGETED_DEVICE_FAMILY = "1,2";
			};
			name = Debug;
		};
		4FD8117123A9D329001AB5F6 /* Release */ = {
			isa = XCBuildConfiguration;
			buildSettings = {
				ASSETCATALOG_COMPILER_APPICON_NAME = AppIcon;
				CODE_SIGN_STYLE = Automatic;
				DEVELOPMENT_ASSET_PATHS = "\"AutoLayoutCustomView(Starter)/Preview Content\"";
				DEVELOPMENT_TEAM = D8Z3QRBB63;
				ENABLE_PREVIEWS = YES;
				INFOPLIST_FILE = "AutoLayoutCustomView(Starter)/Info.plist";
				LD_RUNPATH_SEARCH_PATHS = (
					"$(inherited)",
					"@executable_path/Frameworks",
				);
				PRODUCT_BUNDLE_IDENTIFIER = com.cskim;
				PRODUCT_NAME = "$(TARGET_NAME)";
				SWIFT_VERSION = 5.0;
				TARGETED_DEVICE_FAMILY = "1,2";
			};
			name = Release;
		};
/* End XCBuildConfiguration section */

/* Begin XCConfigurationList section */
		4FD8115623A9D328001AB5F6 /* Build configuration list for PBXProject "AutoLayoutCustomView(Starter)" */ = {
			isa = XCConfigurationList;
			buildConfigurations = (
				4FD8116D23A9D329001AB5F6 /* Debug */,
				4FD8116E23A9D329001AB5F6 /* Release */,
			);
			defaultConfigurationIsVisible = 0;
			defaultConfigurationName = Release;
		};
		4FD8116F23A9D329001AB5F6 /* Build configuration list for PBXNativeTarget "AutoLayoutCustomView(Starter)" */ = {
			isa = XCConfigurationList;
			buildConfigurations = (
				4FD8117023A9D329001AB5F6 /* Debug */,
				4FD8117123A9D329001AB5F6 /* Release */,
			);
			defaultConfigurationIsVisible = 0;
			defaultConfigurationName = Release;
		};
/* End XCConfigurationList section */
	};
	rootObject = 4FD8115323A9D328001AB5F6 /* Project object */;
}
